<Solution>
  <Configurations>
    <Platform Name="Any CPU" />
    <Platform Name="x64" />
    <Platform Name="x86" />
  </Configurations>
  <Project Path="addition1/addition1.csproj" />
  <Project Path="addition2/addition2.csproj" />
  <Project Path="addition2a/addition2a.csproj" />
  <Project Path="addition3/addition3.csproj" />
  <Project Path="array_loop1/array_loop1.csproj" />
  <Project Path="array_loop2/array_loop2.csproj" />
  <Project Path="array_loop3/array_loop3.csproj" />
  <Project Path="at_sign_strings/at_sign_strings.csproj" />
  <Project Path="averager/averager.csproj" />
  <Project Path="bad_scope/bad_scope.csproj" />
  <Project Path="bad_sum/bad_sum.csproj" />
  <Project Path="binary_searching/binary_searching.csproj" />
  <Project Path="birthday1/birthday1.csproj" />
  <Project Path="birthday2/birthday2.csproj" />
  <Project Path="birthday3/birthday3.csproj" />
  <Project Path="birthday4/birthday4.csproj" />
  <Project Path="birthday_who/birthday_who.csproj" />
  <Project Path="bisection_method/bisection_method.csproj" />
  <Project Path="bisection_method1/bisection_method1.csproj" />
  <Project Path="blastoff/blastoff.csproj" />
  <Project Path="cartesian/cartesian.csproj" />
  <Project Path="char_loop1/char_loop1.csproj" />
  <Project Path="check_digits1/check_digits1.csproj" />
  <Project Path="check_digits2/check_digits2.csproj" />
  <Project Path="clock/clock.csproj" />
  <Project Path="clothes/clothes.csproj" />
  <Project Path="cmdline_to_file.Tests/cmdline_to_file.Tests.csproj" />
  <Project Path="cmdline_to_file/cmdline_to_file.csproj" />
  <Project Path="constant/constant.csproj" />
  <Project Path="contact1/contact1.csproj" />
  <Project Path="contact2/contact2.csproj" />
  <Project Path="cool/cool.csproj" />
  <Project Path="copy_upper/copy_upper.csproj" />
  <Project Path="count_words/count_words.csproj" />
  <Project Path="cs_project1/cs_project1.csproj" />
  <Project Path="english_spanish/english_spanish.csproj" />
  <Project Path="example_class/example_class.csproj" />
  <Project Path="example_class2/example_class2.csproj" />
  <Project Path="fake_help_verbose/fake_help_verbose.csproj" />
  <Project Path="fio/fio.csproj" />
  <Project Path="fio_usage/fio_usage.csproj" />
  <Project Path="first_file/first_file.csproj" />
  <Project Path="gcdbruteforce/gcdbruteforce.csproj" />
  <Project Path="good_scope/good_scope.csproj" />
  <Project Path="good_sum/good_sum.csproj" />
  <Project Path="grade1/grade1.csproj" />
  <Project Path="g_c_d_basic.Tests/g_c_d_basic.Tests.csproj" />
  <Project Path="g_c_d_basic/g_c_d_basic.csproj" />
  <Project Path="g_c_d_euclid_recursive.Tests/g_c_d_euclid_recursive.Tests.csproj" />
  <Project Path="g_c_d_euclid_recursive/g_c_d_euclid_recursive.csproj" />
  <Project Path="g_c_d_remainder_loop/g_c_d_remainder_loop.csproj" />
  <Project Path="g_c_d_subtraction_method/g_c_d_subtraction_method.csproj" />
  <Project Path="hello/hello.csproj" />
  <Project Path="hello_you1/hello_you1.csproj" />
  <Project Path="hello_you2/hello_you2.csproj" />
  <Project Path="input_in_range1/input_in_range1.csproj" />
  <Project Path="input_in_range2/input_in_range2.csproj" />
  <Project Path="input_in_range2_bad/input_in_range2_bad.csproj" />
  <Project Path="instance_version/instance_version.csproj" />
  <Project Path="interfaces/interfaces.csproj" />
  <Project Path="interface_syntax1/interface_syntax1.csproj" />
  <Project Path="interface_syntax2/interface_syntax2.csproj" />
  <Project Path="interface_syntax3/interface_syntax3.csproj" />
  <Project Path="interface_syntax4/interface_syntax4.csproj" />
  <Project Path="interface_syntax5/interface_syntax5.csproj" />
  <Project Path="interface_syntax6/interface_syntax6.csproj" />
  <Project Path="interface_syntax7/interface_syntax7.csproj" />
  <Project Path="interface_syntax8/interface_syntax8.csproj" />
  <Project Path="interview/interview.csproj" />
  <Project Path="interview2/interview2.csproj" />
  <Project Path="lifetime_scope/lifetime_scope.csproj" />
  <Project Path="loop_steps/loop_steps.csproj" />
  <Project Path="mad_lib/mad_lib.csproj" />
  <Project Path="mod7_table/mod7_table.csproj" />
  <Project Path="mod_mult_table/mod_mult_table.csproj" />
  <Project Path="music_nunit.Tests/music_nunit.Tests.csproj" />
  <Project Path="music_nunit/music_nunit.csproj" />
  <Project Path="ok_if_scope/ok_if_scope.csproj" />
  <Project Path="painting/painting.csproj" />
  <Project Path="parenthesized/parenthesized.csproj" />
  <Project Path="path/path.csproj" />
  <Project Path="power_table/power_table.csproj" />
  <Project Path="print_file_lines/print_file_lines.csproj" />
  <Project Path="print_first_file/print_first_file.csproj" />
  <Project Path="print_param/print_param.csproj" />
  <Project Path="print_table/print_table.csproj" />
  <Project Path="rational_nunit.Tests/rational_nunit.Tests.csproj" />
  <Project Path="rational_nunit/rational_nunit.csproj" />
  <Project Path="remove_zeros/remove_zeros.csproj" />
  <Project Path="return1/return1.csproj" />
  <Project Path="return2/return2.csproj" />
  <Project Path="reversed_print/reversed_print.csproj" />
  <Project Path="reversed_string/reversed_string.csproj" />
  <Project Path="searching/searching.csproj" />
  <Project Path="sign_array1/sign_array1.csproj" />
  <Project Path="sign_array2/sign_array2.csproj" />
  <Project Path="sorting/sorting.csproj" />
  <Project Path="static_version/static_version.csproj" />
  <Project Path="string_array/string_array.csproj" />
  <Project Path="string_play/string_play.csproj" />
  <Project Path="suitcase/suitcase.csproj" />
  <Project Path="sum_file/sum_file.csproj" />
  <Project Path="sum_to_n_long_bad/sum_to_n_long_bad.csproj" />
  <Project Path="sum_to_n_long_bad2/sum_to_n_long_bad2.csproj" />
  <Project Path="sum_to_n_long_quick/sum_to_n_long_quick.csproj" />
  <Project Path="sum_to_n_test/sum_to_n_test.csproj" />
  <Project Path="sum_to_n_test_long/sum_to_n_test_long.csproj" />
  <Project Path="test_rational/test_rational.csproj" />
  <Project Path="test_readkey/test_readkey.csproj" />
  <Project Path="test_while1/test_while1.csproj" />
  <Project Path="test_while2/test_while2.csproj" />
  <Project Path="ui/ui.csproj" />
  <Project Path="uifnt/uifnt.csproj" />
  <Project Path="update_vars/update_vars.csproj" />
  <Project Path="update_vars2/update_vars2.csproj" />
  <Project Path="update_vars3/update_vars3.csproj" />
  <Project Path="vowels/vowels.csproj" />
  <Project Path="vowels2/vowels2.csproj" />
  <Project Path="wages1/wages1.csproj" />
  <Project Path="wages2/wages2.csproj" />
  <Project Path="word_search_puzzle/word_search_puzzle.csproj" />
  <Project Path="write_test/write_test.csproj" />
</Solution>
