
Microsoft Visual Studio Solution File, Format Version 12.00
# Visual Studio Version 17
VisualStudioVersion = 17.0.31903.59
MinimumVisualStudioVersion = 10.0.40219.1
Project("{FAE04EC0-301F-11D3-BF4B-00C04F79EFBC}") = "addition1", "addition1\addition1.csproj", "{3E6A9BCB-14BC-498B-921F-818F04D5A4B9}"
EndProject
Project("{FAE04EC0-301F-11D3-BF4B-00C04F79EFBC}") = "contact1", "contact1\contact1.csproj", "{32E95BF1-608E-49A3-B280-C7F4D06F6CA0}"
EndProject
Project("{FAE04EC0-301F-11D3-BF4B-00C04F79EFBC}") = "cmdline_to_file", "cmdline_to_file\cmdline_to_file.csproj", "{B4C371D6-B8CF-4491-8301-D11AE0F5415F}"
EndProject
Project("{FAE04EC0-301F-11D3-BF4B-00C04F79EFBC}") = "cmdline_to_file.Tests", "cmdline_to_file.Tests\cmdline_to_file.Tests.csproj", "{459738D1-954B-411B-8267-38F29216C9F1}"
EndProject
Project("{FAE04EC0-301F-11D3-BF4B-00C04F79EFBC}") = "addition2", "addition2\addition2.csproj", "{D3D3EF87-8146-4641-BAFA-026196F183A8}"
EndProject
Project("{FAE04EC0-301F-11D3-BF4B-00C04F79EFBC}") = "addition2a", "addition2a\addition2a.csproj", "{B5A59824-6A9E-4C5E-8E00-EF4CED4E4896}"
EndProject
Project("{FAE04EC0-301F-11D3-BF4B-00C04F79EFBC}") = "array_loop1", "array_loop1\array_loop1.csproj", "{EC682028-B028-4D52-A8F4-652148D0D83A}"
EndProject
Project("{FAE04EC0-301F-11D3-BF4B-00C04F79EFBC}") = "array_loop2", "array_loop2\array_loop2.csproj", "{E4D4FB79-BBDC-4F5C-A917-DD7E987D085F}"
EndProject
Project("{FAE04EC0-301F-11D3-BF4B-00C04F79EFBC}") = "array_loop3", "array_loop3\array_loop3.csproj", "{66F46FD5-F43B-4B4A-97CB-5D8F9E01E249}"
EndProject
Project("{FAE04EC0-301F-11D3-BF4B-00C04F79EFBC}") = "at_sign_strings", "at_sign_strings\at_sign_strings.csproj", "{AB998210-2AFF-4989-BE1C-AAA33BC412B1}"
EndProject
Project("{FAE04EC0-301F-11D3-BF4B-00C04F79EFBC}") = "averager", "averager\averager.csproj", "{E85B2D96-346A-4635-8FF3-A898FEB77887}"
EndProject
Project("{FAE04EC0-301F-11D3-BF4B-00C04F79EFBC}") = "bad_scope", "bad_scope\bad_scope.csproj", "{690A7C25-0592-4DD2-A8BC-E936522D11C7}"
EndProject
Project("{FAE04EC0-301F-11D3-BF4B-00C04F79EFBC}") = "bad_sum", "bad_sum\bad_sum.csproj", "{4ACC1943-1AE5-4851-8E71-D3DC03BDEC20}"
EndProject
Project("{FAE04EC0-301F-11D3-BF4B-00C04F79EFBC}") = "birthday1", "birthday1\birthday1.csproj", "{9C4DE67D-5222-4D64-8401-26F1F10BC175}"
EndProject
Project("{FAE04EC0-301F-11D3-BF4B-00C04F79EFBC}") = "birthday2", "birthday2\birthday2.csproj", "{E16C4235-B188-4FB5-807B-A765CA2C2E15}"
EndProject
Project("{FAE04EC0-301F-11D3-BF4B-00C04F79EFBC}") = "birthday3", "birthday3\birthday3.csproj", "{A45A002C-D94A-4885-944A-DE9C8CB1642C}"
EndProject
Project("{FAE04EC0-301F-11D3-BF4B-00C04F79EFBC}") = "birthday4", "birthday4\birthday4.csproj", "{50ED0BD6-0DE5-41C5-94AE-C3D29723B29F}"
EndProject
Project("{FAE04EC0-301F-11D3-BF4B-00C04F79EFBC}") = "birthday_who", "birthday_who\birthday_who.csproj", "{52BE5C22-1DD9-47F1-8231-7AD0C03EE8C8}"
EndProject
Project("{FAE04EC0-301F-11D3-BF4B-00C04F79EFBC}") = "bisection_method", "bisection_method\bisection_method.csproj", "{018A178C-A7EC-44E8-AA75-A393C9D2F5C1}"
EndProject
Project("{FAE04EC0-301F-11D3-BF4B-00C04F79EFBC}") = "bisection_method1", "bisection_method1\bisection_method1.csproj", "{1EAAD79D-7C1A-4F11-BEEC-EF2741D1AE63}"
EndProject
Project("{FAE04EC0-301F-11D3-BF4B-00C04F79EFBC}") = "blastoff", "blastoff\blastoff.csproj", "{D5A2EBC0-2CA3-4F96-947F-6273B05D7D86}"
EndProject
Project("{FAE04EC0-301F-11D3-BF4B-00C04F79EFBC}") = "constant", "constant\constant.csproj", "{87DDB664-B34C-48F4-A067-921A8A061744}"
EndProject
Project("{FAE04EC0-301F-11D3-BF4B-00C04F79EFBC}") = "cool", "cool\cool.csproj", "{9C8F1258-2D1A-42C9-8CB0-F8E4D61FFA3A}"
EndProject
Project("{FAE04EC0-301F-11D3-BF4B-00C04F79EFBC}") = "count_words", "count_words\count_words.csproj", "{F8AD79BE-96C4-4CAD-92F8-A9E626272B6A}"
EndProject
Project("{FAE04EC0-301F-11D3-BF4B-00C04F79EFBC}") = "english_spanish", "english_spanish\english_spanish.csproj", "{C3EC1A74-0E2A-4CE2-9F5C-A819BF4971A0}"
EndProject
Project("{FAE04EC0-301F-11D3-BF4B-00C04F79EFBC}") = "gcdbruteforce", "gcdbruteforce\gcdbruteforce.csproj", "{6A9A8A9F-9196-4597-9835-499101BC6A82}"
EndProject
Project("{FAE04EC0-301F-11D3-BF4B-00C04F79EFBC}") = "good_scope", "good_scope\good_scope.csproj", "{66EA4200-D1AC-42A3-9956-DF1E0EC06EFB}"
EndProject
Project("{FAE04EC0-301F-11D3-BF4B-00C04F79EFBC}") = "good_sum", "good_sum\good_sum.csproj", "{56248E21-A4E8-49A2-957D-6490E856EADD}"
EndProject
Project("{FAE04EC0-301F-11D3-BF4B-00C04F79EFBC}") = "hello", "hello\hello.csproj", "{D404F955-1D88-4DDB-A4FF-DB9173C801F3}"
EndProject
Project("{FAE04EC0-301F-11D3-BF4B-00C04F79EFBC}") = "hello_you1", "hello_you1\hello_you1.csproj", "{C8464479-536A-4745-AC36-46C1B8BAD53D}"
EndProject
Project("{FAE04EC0-301F-11D3-BF4B-00C04F79EFBC}") = "hello_you2", "hello_you2\hello_you2.csproj", "{AE996C33-BE23-470D-91A9-B63A2647E9B0}"
EndProject
Project("{FAE04EC0-301F-11D3-BF4B-00C04F79EFBC}") = "interview", "interview\interview.csproj", "{629D7FD1-38BA-48EA-BF00-071451EAE3B3}"
EndProject
Project("{FAE04EC0-301F-11D3-BF4B-00C04F79EFBC}") = "interview2", "interview2\interview2.csproj", "{A650E5F2-16E2-450E-96D0-141B8E83FADB}"
EndProject
Project("{FAE04EC0-301F-11D3-BF4B-00C04F79EFBC}") = "lifetime_scope", "lifetime_scope\lifetime_scope.csproj", "{AED1DF48-C582-4572-8F4B-EB86C822D2F9}"
EndProject
Project("{FAE04EC0-301F-11D3-BF4B-00C04F79EFBC}") = "loop_steps", "loop_steps\loop_steps.csproj", "{FE38394A-21F7-499D-8CC4-217B2372E9AA}"
EndProject
Project("{FAE04EC0-301F-11D3-BF4B-00C04F79EFBC}") = "mad_lib", "mad_lib\mad_lib.csproj", "{CEC14B7F-3A33-49DD-A901-4C00B7E4D638}"
EndProject
Project("{FAE04EC0-301F-11D3-BF4B-00C04F79EFBC}") = "mod7_table", "mod7_table\mod7_table.csproj", "{4818A75E-75FE-4038-AD3F-53CA5AD4017A}"
EndProject
Project("{FAE04EC0-301F-11D3-BF4B-00C04F79EFBC}") = "ok_if_scope", "ok_if_scope\ok_if_scope.csproj", "{58AC5536-DA51-48BA-B448-E6370881284B}"
EndProject
Project("{FAE04EC0-301F-11D3-BF4B-00C04F79EFBC}") = "painting", "painting\painting.csproj", "{FD96F62A-ADD9-40A7-9A35-33FD8F97CEFE}"
EndProject
Project("{FAE04EC0-301F-11D3-BF4B-00C04F79EFBC}") = "parenthesized", "parenthesized\parenthesized.csproj", "{4E7C6FCE-14C8-400D-925B-8BCF2EB7B838}"
EndProject
Project("{FAE04EC0-301F-11D3-BF4B-00C04F79EFBC}") = "power_table", "power_table\power_table.csproj", "{C3127DC0-B8C3-44C6-92F0-0482F3BFE67E}"
EndProject
Project("{FAE04EC0-301F-11D3-BF4B-00C04F79EFBC}") = "print_param", "print_param\print_param.csproj", "{F4CA1AD2-41DF-4079-BFFB-C284E9C0A0A9}"
EndProject
Project("{FAE04EC0-301F-11D3-BF4B-00C04F79EFBC}") = "print_table", "print_table\print_table.csproj", "{8BC7AFEB-8B78-4FDF-9555-BD334C522475}"
EndProject
Project("{FAE04EC0-301F-11D3-BF4B-00C04F79EFBC}") = "remove_zeros", "remove_zeros\remove_zeros.csproj", "{2F1D39CF-A90D-40F0-BD01-FC26F468F34D}"
EndProject
Project("{FAE04EC0-301F-11D3-BF4B-00C04F79EFBC}") = "return1", "return1\return1.csproj", "{BAE823BE-5E36-4FED-99C1-BE4187528E94}"
EndProject
Project("{FAE04EC0-301F-11D3-BF4B-00C04F79EFBC}") = "return2", "return2\return2.csproj", "{8DA0AE01-BFAC-45B5-AD6E-B3023195E407}"
EndProject
Project("{FAE04EC0-301F-11D3-BF4B-00C04F79EFBC}") = "sign_array1", "sign_array1\sign_array1.csproj", "{09F83CDE-C1EE-4E48-A8A6-D361A5F04218}"
EndProject
Project("{FAE04EC0-301F-11D3-BF4B-00C04F79EFBC}") = "sign_array2", "sign_array2\sign_array2.csproj", "{87C8746F-E468-4EC7-88E0-91A7A98540EE}"
EndProject
Project("{FAE04EC0-301F-11D3-BF4B-00C04F79EFBC}") = "string_play", "string_play\string_play.csproj", "{389BFACB-1A06-4291-A3A4-38B8D24AB143}"
EndProject
Project("{FAE04EC0-301F-11D3-BF4B-00C04F79EFBC}") = "update_vars", "update_vars\update_vars.csproj", "{D136C11A-BF61-41B7-89F8-4B0AA9175749}"
EndProject
Project("{FAE04EC0-301F-11D3-BF4B-00C04F79EFBC}") = "update_vars2", "update_vars2\update_vars2.csproj", "{147A4A5D-DC06-4985-B098-BA90D48CBEC1}"
EndProject
Project("{FAE04EC0-301F-11D3-BF4B-00C04F79EFBC}") = "update_vars3", "update_vars3\update_vars3.csproj", "{19897A3B-3BE4-4183-BACB-AEC16B97EE53}"
EndProject
Project("{FAE04EC0-301F-11D3-BF4B-00C04F79EFBC}") = "ui", "ui\ui.csproj", "{D61BF583-AC01-418D-AE26-439B6D526192}"
EndProject
Project("{FAE04EC0-301F-11D3-BF4B-00C04F79EFBC}") = "grade1", "grade1\grade1.csproj", "{C9D96B18-77AB-413A-AC6D-22F2D8B15BF2}"
EndProject
Project("{FAE04EC0-301F-11D3-BF4B-00C04F79EFBC}") = "input_in_range1", "input_in_range1\input_in_range1.csproj", "{E910A9EF-E506-4F27-A255-6BA993417C95}"
EndProject
Global
	GlobalSection(SolutionConfigurationPlatforms) = preSolution
		Debug|Any CPU = Debug|Any CPU
		Debug|x64 = Debug|x64
		Debug|x86 = Debug|x86
		Release|Any CPU = Release|Any CPU
		Release|x64 = Release|x64
		Release|x86 = Release|x86
	EndGlobalSection
	GlobalSection(ProjectConfigurationPlatforms) = postSolution
		{3E6A9BCB-14BC-498B-921F-818F04D5A4B9}.Debug|Any CPU.ActiveCfg = Debug|Any CPU
		{3E6A9BCB-14BC-498B-921F-818F04D5A4B9}.Debug|Any CPU.Build.0 = Debug|Any CPU
		{3E6A9BCB-14BC-498B-921F-818F04D5A4B9}.Debug|x64.ActiveCfg = Debug|Any CPU
		{3E6A9BCB-14BC-498B-921F-818F04D5A4B9}.Debug|x64.Build.0 = Debug|Any CPU
		{3E6A9BCB-14BC-498B-921F-818F04D5A4B9}.Debug|x86.ActiveCfg = Debug|Any CPU
		{3E6A9BCB-14BC-498B-921F-818F04D5A4B9}.Debug|x86.Build.0 = Debug|Any CPU
		{3E6A9BCB-14BC-498B-921F-818F04D5A4B9}.Release|Any CPU.ActiveCfg = Release|Any CPU
		{3E6A9BCB-14BC-498B-921F-818F04D5A4B9}.Release|Any CPU.Build.0 = Release|Any CPU
		{3E6A9BCB-14BC-498B-921F-818F04D5A4B9}.Release|x64.ActiveCfg = Release|Any CPU
		{3E6A9BCB-14BC-498B-921F-818F04D5A4B9}.Release|x64.Build.0 = Release|Any CPU
		{3E6A9BCB-14BC-498B-921F-818F04D5A4B9}.Release|x86.ActiveCfg = Release|Any CPU
		{3E6A9BCB-14BC-498B-921F-818F04D5A4B9}.Release|x86.Build.0 = Release|Any CPU
		{32E95BF1-608E-49A3-B280-C7F4D06F6CA0}.Debug|Any CPU.ActiveCfg = Debug|Any CPU
		{32E95BF1-608E-49A3-B280-C7F4D06F6CA0}.Debug|Any CPU.Build.0 = Debug|Any CPU
		{32E95BF1-608E-49A3-B280-C7F4D06F6CA0}.Debug|x64.ActiveCfg = Debug|Any CPU
		{32E95BF1-608E-49A3-B280-C7F4D06F6CA0}.Debug|x64.Build.0 = Debug|Any CPU
		{32E95BF1-608E-49A3-B280-C7F4D06F6CA0}.Debug|x86.ActiveCfg = Debug|Any CPU
		{32E95BF1-608E-49A3-B280-C7F4D06F6CA0}.Debug|x86.Build.0 = Debug|Any CPU
		{32E95BF1-608E-49A3-B280-C7F4D06F6CA0}.Release|Any CPU.ActiveCfg = Release|Any CPU
		{32E95BF1-608E-49A3-B280-C7F4D06F6CA0}.Release|Any CPU.Build.0 = Release|Any CPU
		{32E95BF1-608E-49A3-B280-C7F4D06F6CA0}.Release|x64.ActiveCfg = Release|Any CPU
		{32E95BF1-608E-49A3-B280-C7F4D06F6CA0}.Release|x64.Build.0 = Release|Any CPU
		{32E95BF1-608E-49A3-B280-C7F4D06F6CA0}.Release|x86.ActiveCfg = Release|Any CPU
		{32E95BF1-608E-49A3-B280-C7F4D06F6CA0}.Release|x86.Build.0 = Release|Any CPU
		{B4C371D6-B8CF-4491-8301-D11AE0F5415F}.Debug|Any CPU.ActiveCfg = Debug|Any CPU
		{B4C371D6-B8CF-4491-8301-D11AE0F5415F}.Debug|Any CPU.Build.0 = Debug|Any CPU
		{B4C371D6-B8CF-4491-8301-D11AE0F5415F}.Debug|x64.ActiveCfg = Debug|Any CPU
		{B4C371D6-B8CF-4491-8301-D11AE0F5415F}.Debug|x64.Build.0 = Debug|Any CPU
		{B4C371D6-B8CF-4491-8301-D11AE0F5415F}.Debug|x86.ActiveCfg = Debug|Any CPU
		{B4C371D6-B8CF-4491-8301-D11AE0F5415F}.Debug|x86.Build.0 = Debug|Any CPU
		{B4C371D6-B8CF-4491-8301-D11AE0F5415F}.Release|Any CPU.ActiveCfg = Release|Any CPU
		{B4C371D6-B8CF-4491-8301-D11AE0F5415F}.Release|Any CPU.Build.0 = Release|Any CPU
		{B4C371D6-B8CF-4491-8301-D11AE0F5415F}.Release|x64.ActiveCfg = Release|Any CPU
		{B4C371D6-B8CF-4491-8301-D11AE0F5415F}.Release|x64.Build.0 = Release|Any CPU
		{B4C371D6-B8CF-4491-8301-D11AE0F5415F}.Release|x86.ActiveCfg = Release|Any CPU
		{B4C371D6-B8CF-4491-8301-D11AE0F5415F}.Release|x86.Build.0 = Release|Any CPU
		{459738D1-954B-411B-8267-38F29216C9F1}.Debug|Any CPU.ActiveCfg = Debug|Any CPU
		{459738D1-954B-411B-8267-38F29216C9F1}.Debug|Any CPU.Build.0 = Debug|Any CPU
		{459738D1-954B-411B-8267-38F29216C9F1}.Debug|x64.ActiveCfg = Debug|Any CPU
		{459738D1-954B-411B-8267-38F29216C9F1}.Debug|x64.Build.0 = Debug|Any CPU
		{459738D1-954B-411B-8267-38F29216C9F1}.Debug|x86.ActiveCfg = Debug|Any CPU
		{459738D1-954B-411B-8267-38F29216C9F1}.Debug|x86.Build.0 = Debug|Any CPU
		{459738D1-954B-411B-8267-38F29216C9F1}.Release|Any CPU.ActiveCfg = Release|Any CPU
		{459738D1-954B-411B-8267-38F29216C9F1}.Release|Any CPU.Build.0 = Release|Any CPU
		{459738D1-954B-411B-8267-38F29216C9F1}.Release|x64.ActiveCfg = Release|Any CPU
		{459738D1-954B-411B-8267-38F29216C9F1}.Release|x64.Build.0 = Release|Any CPU
		{459738D1-954B-411B-8267-38F29216C9F1}.Release|x86.ActiveCfg = Release|Any CPU
		{459738D1-954B-411B-8267-38F29216C9F1}.Release|x86.Build.0 = Release|Any CPU
		{D3D3EF87-8146-4641-BAFA-026196F183A8}.Debug|Any CPU.ActiveCfg = Debug|Any CPU
		{D3D3EF87-8146-4641-BAFA-026196F183A8}.Debug|Any CPU.Build.0 = Debug|Any CPU
		{D3D3EF87-8146-4641-BAFA-026196F183A8}.Debug|x64.ActiveCfg = Debug|Any CPU
		{D3D3EF87-8146-4641-BAFA-026196F183A8}.Debug|x64.Build.0 = Debug|Any CPU
		{D3D3EF87-8146-4641-BAFA-026196F183A8}.Debug|x86.ActiveCfg = Debug|Any CPU
		{D3D3EF87-8146-4641-BAFA-026196F183A8}.Debug|x86.Build.0 = Debug|Any CPU
		{D3D3EF87-8146-4641-BAFA-026196F183A8}.Release|Any CPU.ActiveCfg = Release|Any CPU
		{D3D3EF87-8146-4641-BAFA-026196F183A8}.Release|Any CPU.Build.0 = Release|Any CPU
		{D3D3EF87-8146-4641-BAFA-026196F183A8}.Release|x64.ActiveCfg = Release|Any CPU
		{D3D3EF87-8146-4641-BAFA-026196F183A8}.Release|x64.Build.0 = Release|Any CPU
		{D3D3EF87-8146-4641-BAFA-026196F183A8}.Release|x86.ActiveCfg = Release|Any CPU
		{D3D3EF87-8146-4641-BAFA-026196F183A8}.Release|x86.Build.0 = Release|Any CPU
		{B5A59824-6A9E-4C5E-8E00-EF4CED4E4896}.Debug|Any CPU.ActiveCfg = Debug|Any CPU
		{B5A59824-6A9E-4C5E-8E00-EF4CED4E4896}.Debug|Any CPU.Build.0 = Debug|Any CPU
		{B5A59824-6A9E-4C5E-8E00-EF4CED4E4896}.Debug|x64.ActiveCfg = Debug|Any CPU
		{B5A59824-6A9E-4C5E-8E00-EF4CED4E4896}.Debug|x64.Build.0 = Debug|Any CPU
		{B5A59824-6A9E-4C5E-8E00-EF4CED4E4896}.Debug|x86.ActiveCfg = Debug|Any CPU
		{B5A59824-6A9E-4C5E-8E00-EF4CED4E4896}.Debug|x86.Build.0 = Debug|Any CPU
		{B5A59824-6A9E-4C5E-8E00-EF4CED4E4896}.Release|Any CPU.ActiveCfg = Release|Any CPU
		{B5A59824-6A9E-4C5E-8E00-EF4CED4E4896}.Release|Any CPU.Build.0 = Release|Any CPU
		{B5A59824-6A9E-4C5E-8E00-EF4CED4E4896}.Release|x64.ActiveCfg = Release|Any CPU
		{B5A59824-6A9E-4C5E-8E00-EF4CED4E4896}.Release|x64.Build.0 = Release|Any CPU
		{B5A59824-6A9E-4C5E-8E00-EF4CED4E4896}.Release|x86.ActiveCfg = Release|Any CPU
		{B5A59824-6A9E-4C5E-8E00-EF4CED4E4896}.Release|x86.Build.0 = Release|Any CPU
		{EC682028-B028-4D52-A8F4-652148D0D83A}.Debug|Any CPU.ActiveCfg = Debug|Any CPU
		{EC682028-B028-4D52-A8F4-652148D0D83A}.Debug|Any CPU.Build.0 = Debug|Any CPU
		{EC682028-B028-4D52-A8F4-652148D0D83A}.Debug|x64.ActiveCfg = Debug|Any CPU
		{EC682028-B028-4D52-A8F4-652148D0D83A}.Debug|x64.Build.0 = Debug|Any CPU
		{EC682028-B028-4D52-A8F4-652148D0D83A}.Debug|x86.ActiveCfg = Debug|Any CPU
		{EC682028-B028-4D52-A8F4-652148D0D83A}.Debug|x86.Build.0 = Debug|Any CPU
		{EC682028-B028-4D52-A8F4-652148D0D83A}.Release|Any CPU.ActiveCfg = Release|Any CPU
		{EC682028-B028-4D52-A8F4-652148D0D83A}.Release|Any CPU.Build.0 = Release|Any CPU
		{EC682028-B028-4D52-A8F4-652148D0D83A}.Release|x64.ActiveCfg = Release|Any CPU
		{EC682028-B028-4D52-A8F4-652148D0D83A}.Release|x64.Build.0 = Release|Any CPU
		{EC682028-B028-4D52-A8F4-652148D0D83A}.Release|x86.ActiveCfg = Release|Any CPU
		{EC682028-B028-4D52-A8F4-652148D0D83A}.Release|x86.Build.0 = Release|Any CPU
		{E4D4FB79-BBDC-4F5C-A917-DD7E987D085F}.Debug|Any CPU.ActiveCfg = Debug|Any CPU
		{E4D4FB79-BBDC-4F5C-A917-DD7E987D085F}.Debug|Any CPU.Build.0 = Debug|Any CPU
		{E4D4FB79-BBDC-4F5C-A917-DD7E987D085F}.Debug|x64.ActiveCfg = Debug|Any CPU
		{E4D4FB79-BBDC-4F5C-A917-DD7E987D085F}.Debug|x64.Build.0 = Debug|Any CPU
		{E4D4FB79-BBDC-4F5C-A917-DD7E987D085F}.Debug|x86.ActiveCfg = Debug|Any CPU
		{E4D4FB79-BBDC-4F5C-A917-DD7E987D085F}.Debug|x86.Build.0 = Debug|Any CPU
		{E4D4FB79-BBDC-4F5C-A917-DD7E987D085F}.Release|Any CPU.ActiveCfg = Release|Any CPU
		{E4D4FB79-BBDC-4F5C-A917-DD7E987D085F}.Release|Any CPU.Build.0 = Release|Any CPU
		{E4D4FB79-BBDC-4F5C-A917-DD7E987D085F}.Release|x64.ActiveCfg = Release|Any CPU
		{E4D4FB79-BBDC-4F5C-A917-DD7E987D085F}.Release|x64.Build.0 = Release|Any CPU
		{E4D4FB79-BBDC-4F5C-A917-DD7E987D085F}.Release|x86.ActiveCfg = Release|Any CPU
		{E4D4FB79-BBDC-4F5C-A917-DD7E987D085F}.Release|x86.Build.0 = Release|Any CPU
		{66F46FD5-F43B-4B4A-97CB-5D8F9E01E249}.Debug|Any CPU.ActiveCfg = Debug|Any CPU
		{66F46FD5-F43B-4B4A-97CB-5D8F9E01E249}.Debug|Any CPU.Build.0 = Debug|Any CPU
		{66F46FD5-F43B-4B4A-97CB-5D8F9E01E249}.Debug|x64.ActiveCfg = Debug|Any CPU
		{66F46FD5-F43B-4B4A-97CB-5D8F9E01E249}.Debug|x64.Build.0 = Debug|Any CPU
		{66F46FD5-F43B-4B4A-97CB-5D8F9E01E249}.Debug|x86.ActiveCfg = Debug|Any CPU
		{66F46FD5-F43B-4B4A-97CB-5D8F9E01E249}.Debug|x86.Build.0 = Debug|Any CPU
		{66F46FD5-F43B-4B4A-97CB-5D8F9E01E249}.Release|Any CPU.ActiveCfg = Release|Any CPU
		{66F46FD5-F43B-4B4A-97CB-5D8F9E01E249}.Release|Any CPU.Build.0 = Release|Any CPU
		{66F46FD5-F43B-4B4A-97CB-5D8F9E01E249}.Release|x64.ActiveCfg = Release|Any CPU
		{66F46FD5-F43B-4B4A-97CB-5D8F9E01E249}.Release|x64.Build.0 = Release|Any CPU
		{66F46FD5-F43B-4B4A-97CB-5D8F9E01E249}.Release|x86.ActiveCfg = Release|Any CPU
		{66F46FD5-F43B-4B4A-97CB-5D8F9E01E249}.Release|x86.Build.0 = Release|Any CPU
		{AB998210-2AFF-4989-BE1C-AAA33BC412B1}.Debug|Any CPU.ActiveCfg = Debug|Any CPU
		{AB998210-2AFF-4989-BE1C-AAA33BC412B1}.Debug|Any CPU.Build.0 = Debug|Any CPU
		{AB998210-2AFF-4989-BE1C-AAA33BC412B1}.Debug|x64.ActiveCfg = Debug|Any CPU
		{AB998210-2AFF-4989-BE1C-AAA33BC412B1}.Debug|x64.Build.0 = Debug|Any CPU
		{AB998210-2AFF-4989-BE1C-AAA33BC412B1}.Debug|x86.ActiveCfg = Debug|Any CPU
		{AB998210-2AFF-4989-BE1C-AAA33BC412B1}.Debug|x86.Build.0 = Debug|Any CPU
		{AB998210-2AFF-4989-BE1C-AAA33BC412B1}.Release|Any CPU.ActiveCfg = Release|Any CPU
		{AB998210-2AFF-4989-BE1C-AAA33BC412B1}.Release|Any CPU.Build.0 = Release|Any CPU
		{AB998210-2AFF-4989-BE1C-AAA33BC412B1}.Release|x64.ActiveCfg = Release|Any CPU
		{AB998210-2AFF-4989-BE1C-AAA33BC412B1}.Release|x64.Build.0 = Release|Any CPU
		{AB998210-2AFF-4989-BE1C-AAA33BC412B1}.Release|x86.ActiveCfg = Release|Any CPU
		{AB998210-2AFF-4989-BE1C-AAA33BC412B1}.Release|x86.Build.0 = Release|Any CPU
		{E85B2D96-346A-4635-8FF3-A898FEB77887}.Debug|Any CPU.ActiveCfg = Debug|Any CPU
		{E85B2D96-346A-4635-8FF3-A898FEB77887}.Debug|Any CPU.Build.0 = Debug|Any CPU
		{E85B2D96-346A-4635-8FF3-A898FEB77887}.Debug|x64.ActiveCfg = Debug|Any CPU
		{E85B2D96-346A-4635-8FF3-A898FEB77887}.Debug|x64.Build.0 = Debug|Any CPU
		{E85B2D96-346A-4635-8FF3-A898FEB77887}.Debug|x86.ActiveCfg = Debug|Any CPU
		{E85B2D96-346A-4635-8FF3-A898FEB77887}.Debug|x86.Build.0 = Debug|Any CPU
		{E85B2D96-346A-4635-8FF3-A898FEB77887}.Release|Any CPU.ActiveCfg = Release|Any CPU
		{E85B2D96-346A-4635-8FF3-A898FEB77887}.Release|Any CPU.Build.0 = Release|Any CPU
		{E85B2D96-346A-4635-8FF3-A898FEB77887}.Release|x64.ActiveCfg = Release|Any CPU
		{E85B2D96-346A-4635-8FF3-A898FEB77887}.Release|x64.Build.0 = Release|Any CPU
		{E85B2D96-346A-4635-8FF3-A898FEB77887}.Release|x86.ActiveCfg = Release|Any CPU
		{E85B2D96-346A-4635-8FF3-A898FEB77887}.Release|x86.Build.0 = Release|Any CPU
		{690A7C25-0592-4DD2-A8BC-E936522D11C7}.Debug|Any CPU.ActiveCfg = Debug|Any CPU
		{690A7C25-0592-4DD2-A8BC-E936522D11C7}.Debug|Any CPU.Build.0 = Debug|Any CPU
		{690A7C25-0592-4DD2-A8BC-E936522D11C7}.Debug|x64.ActiveCfg = Debug|Any CPU
		{690A7C25-0592-4DD2-A8BC-E936522D11C7}.Debug|x64.Build.0 = Debug|Any CPU
		{690A7C25-0592-4DD2-A8BC-E936522D11C7}.Debug|x86.ActiveCfg = Debug|Any CPU
		{690A7C25-0592-4DD2-A8BC-E936522D11C7}.Debug|x86.Build.0 = Debug|Any CPU
		{690A7C25-0592-4DD2-A8BC-E936522D11C7}.Release|Any CPU.ActiveCfg = Release|Any CPU
		{690A7C25-0592-4DD2-A8BC-E936522D11C7}.Release|Any CPU.Build.0 = Release|Any CPU
		{690A7C25-0592-4DD2-A8BC-E936522D11C7}.Release|x64.ActiveCfg = Release|Any CPU
		{690A7C25-0592-4DD2-A8BC-E936522D11C7}.Release|x64.Build.0 = Release|Any CPU
		{690A7C25-0592-4DD2-A8BC-E936522D11C7}.Release|x86.ActiveCfg = Release|Any CPU
		{690A7C25-0592-4DD2-A8BC-E936522D11C7}.Release|x86.Build.0 = Release|Any CPU
		{4ACC1943-1AE5-4851-8E71-D3DC03BDEC20}.Debug|Any CPU.ActiveCfg = Debug|Any CPU
		{4ACC1943-1AE5-4851-8E71-D3DC03BDEC20}.Debug|Any CPU.Build.0 = Debug|Any CPU
		{4ACC1943-1AE5-4851-8E71-D3DC03BDEC20}.Debug|x64.ActiveCfg = Debug|Any CPU
		{4ACC1943-1AE5-4851-8E71-D3DC03BDEC20}.Debug|x64.Build.0 = Debug|Any CPU
		{4ACC1943-1AE5-4851-8E71-D3DC03BDEC20}.Debug|x86.ActiveCfg = Debug|Any CPU
		{4ACC1943-1AE5-4851-8E71-D3DC03BDEC20}.Debug|x86.Build.0 = Debug|Any CPU
		{4ACC1943-1AE5-4851-8E71-D3DC03BDEC20}.Release|Any CPU.ActiveCfg = Release|Any CPU
		{4ACC1943-1AE5-4851-8E71-D3DC03BDEC20}.Release|Any CPU.Build.0 = Release|Any CPU
		{4ACC1943-1AE5-4851-8E71-D3DC03BDEC20}.Release|x64.ActiveCfg = Release|Any CPU
		{4ACC1943-1AE5-4851-8E71-D3DC03BDEC20}.Release|x64.Build.0 = Release|Any CPU
		{4ACC1943-1AE5-4851-8E71-D3DC03BDEC20}.Release|x86.ActiveCfg = Release|Any CPU
		{4ACC1943-1AE5-4851-8E71-D3DC03BDEC20}.Release|x86.Build.0 = Release|Any CPU
		{9C4DE67D-5222-4D64-8401-26F1F10BC175}.Debug|Any CPU.ActiveCfg = Debug|Any CPU
		{9C4DE67D-5222-4D64-8401-26F1F10BC175}.Debug|Any CPU.Build.0 = Debug|Any CPU
		{9C4DE67D-5222-4D64-8401-26F1F10BC175}.Debug|x64.ActiveCfg = Debug|Any CPU
		{9C4DE67D-5222-4D64-8401-26F1F10BC175}.Debug|x64.Build.0 = Debug|Any CPU
		{9C4DE67D-5222-4D64-8401-26F1F10BC175}.Debug|x86.ActiveCfg = Debug|Any CPU
		{9C4DE67D-5222-4D64-8401-26F1F10BC175}.Debug|x86.Build.0 = Debug|Any CPU
		{9C4DE67D-5222-4D64-8401-26F1F10BC175}.Release|Any CPU.ActiveCfg = Release|Any CPU
		{9C4DE67D-5222-4D64-8401-26F1F10BC175}.Release|Any CPU.Build.0 = Release|Any CPU
		{9C4DE67D-5222-4D64-8401-26F1F10BC175}.Release|x64.ActiveCfg = Release|Any CPU
		{9C4DE67D-5222-4D64-8401-26F1F10BC175}.Release|x64.Build.0 = Release|Any CPU
		{9C4DE67D-5222-4D64-8401-26F1F10BC175}.Release|x86.ActiveCfg = Release|Any CPU
		{9C4DE67D-5222-4D64-8401-26F1F10BC175}.Release|x86.Build.0 = Release|Any CPU
		{E16C4235-B188-4FB5-807B-A765CA2C2E15}.Debug|Any CPU.ActiveCfg = Debug|Any CPU
		{E16C4235-B188-4FB5-807B-A765CA2C2E15}.Debug|Any CPU.Build.0 = Debug|Any CPU
		{E16C4235-B188-4FB5-807B-A765CA2C2E15}.Debug|x64.ActiveCfg = Debug|Any CPU
		{E16C4235-B188-4FB5-807B-A765CA2C2E15}.Debug|x64.Build.0 = Debug|Any CPU
		{E16C4235-B188-4FB5-807B-A765CA2C2E15}.Debug|x86.ActiveCfg = Debug|Any CPU
		{E16C4235-B188-4FB5-807B-A765CA2C2E15}.Debug|x86.Build.0 = Debug|Any CPU
		{E16C4235-B188-4FB5-807B-A765CA2C2E15}.Release|Any CPU.ActiveCfg = Release|Any CPU
		{E16C4235-B188-4FB5-807B-A765CA2C2E15}.Release|Any CPU.Build.0 = Release|Any CPU
		{E16C4235-B188-4FB5-807B-A765CA2C2E15}.Release|x64.ActiveCfg = Release|Any CPU
		{E16C4235-B188-4FB5-807B-A765CA2C2E15}.Release|x64.Build.0 = Release|Any CPU
		{E16C4235-B188-4FB5-807B-A765CA2C2E15}.Release|x86.ActiveCfg = Release|Any CPU
		{E16C4235-B188-4FB5-807B-A765CA2C2E15}.Release|x86.Build.0 = Release|Any CPU
		{A45A002C-D94A-4885-944A-DE9C8CB1642C}.Debug|Any CPU.ActiveCfg = Debug|Any CPU
		{A45A002C-D94A-4885-944A-DE9C8CB1642C}.Debug|Any CPU.Build.0 = Debug|Any CPU
		{A45A002C-D94A-4885-944A-DE9C8CB1642C}.Debug|x64.ActiveCfg = Debug|Any CPU
		{A45A002C-D94A-4885-944A-DE9C8CB1642C}.Debug|x64.Build.0 = Debug|Any CPU
		{A45A002C-D94A-4885-944A-DE9C8CB1642C}.Debug|x86.ActiveCfg = Debug|Any CPU
		{A45A002C-D94A-4885-944A-DE9C8CB1642C}.Debug|x86.Build.0 = Debug|Any CPU
		{A45A002C-D94A-4885-944A-DE9C8CB1642C}.Release|Any CPU.ActiveCfg = Release|Any CPU
		{A45A002C-D94A-4885-944A-DE9C8CB1642C}.Release|Any CPU.Build.0 = Release|Any CPU
		{A45A002C-D94A-4885-944A-DE9C8CB1642C}.Release|x64.ActiveCfg = Release|Any CPU
		{A45A002C-D94A-4885-944A-DE9C8CB1642C}.Release|x64.Build.0 = Release|Any CPU
		{A45A002C-D94A-4885-944A-DE9C8CB1642C}.Release|x86.ActiveCfg = Release|Any CPU
		{A45A002C-D94A-4885-944A-DE9C8CB1642C}.Release|x86.Build.0 = Release|Any CPU
		{50ED0BD6-0DE5-41C5-94AE-C3D29723B29F}.Debug|Any CPU.ActiveCfg = Debug|Any CPU
		{50ED0BD6-0DE5-41C5-94AE-C3D29723B29F}.Debug|Any CPU.Build.0 = Debug|Any CPU
		{50ED0BD6-0DE5-41C5-94AE-C3D29723B29F}.Debug|x64.ActiveCfg = Debug|Any CPU
		{50ED0BD6-0DE5-41C5-94AE-C3D29723B29F}.Debug|x64.Build.0 = Debug|Any CPU
		{50ED0BD6-0DE5-41C5-94AE-C3D29723B29F}.Debug|x86.ActiveCfg = Debug|Any CPU
		{50ED0BD6-0DE5-41C5-94AE-C3D29723B29F}.Debug|x86.Build.0 = Debug|Any CPU
		{50ED0BD6-0DE5-41C5-94AE-C3D29723B29F}.Release|Any CPU.ActiveCfg = Release|Any CPU
		{50ED0BD6-0DE5-41C5-94AE-C3D29723B29F}.Release|Any CPU.Build.0 = Release|Any CPU
		{50ED0BD6-0DE5-41C5-94AE-C3D29723B29F}.Release|x64.ActiveCfg = Release|Any CPU
		{50ED0BD6-0DE5-41C5-94AE-C3D29723B29F}.Release|x64.Build.0 = Release|Any CPU
		{50ED0BD6-0DE5-41C5-94AE-C3D29723B29F}.Release|x86.ActiveCfg = Release|Any CPU
		{50ED0BD6-0DE5-41C5-94AE-C3D29723B29F}.Release|x86.Build.0 = Release|Any CPU
		{52BE5C22-1DD9-47F1-8231-7AD0C03EE8C8}.Debug|Any CPU.ActiveCfg = Debug|Any CPU
		{52BE5C22-1DD9-47F1-8231-7AD0C03EE8C8}.Debug|Any CPU.Build.0 = Debug|Any CPU
		{52BE5C22-1DD9-47F1-8231-7AD0C03EE8C8}.Debug|x64.ActiveCfg = Debug|Any CPU
		{52BE5C22-1DD9-47F1-8231-7AD0C03EE8C8}.Debug|x64.Build.0 = Debug|Any CPU
		{52BE5C22-1DD9-47F1-8231-7AD0C03EE8C8}.Debug|x86.ActiveCfg = Debug|Any CPU
		{52BE5C22-1DD9-47F1-8231-7AD0C03EE8C8}.Debug|x86.Build.0 = Debug|Any CPU
		{52BE5C22-1DD9-47F1-8231-7AD0C03EE8C8}.Release|Any CPU.ActiveCfg = Release|Any CPU
		{52BE5C22-1DD9-47F1-8231-7AD0C03EE8C8}.Release|Any CPU.Build.0 = Release|Any CPU
		{52BE5C22-1DD9-47F1-8231-7AD0C03EE8C8}.Release|x64.ActiveCfg = Release|Any CPU
		{52BE5C22-1DD9-47F1-8231-7AD0C03EE8C8}.Release|x64.Build.0 = Release|Any CPU
		{52BE5C22-1DD9-47F1-8231-7AD0C03EE8C8}.Release|x86.ActiveCfg = Release|Any CPU
		{52BE5C22-1DD9-47F1-8231-7AD0C03EE8C8}.Release|x86.Build.0 = Release|Any CPU
		{018A178C-A7EC-44E8-AA75-A393C9D2F5C1}.Debug|Any CPU.ActiveCfg = Debug|Any CPU
		{018A178C-A7EC-44E8-AA75-A393C9D2F5C1}.Debug|Any CPU.Build.0 = Debug|Any CPU
		{018A178C-A7EC-44E8-AA75-A393C9D2F5C1}.Debug|x64.ActiveCfg = Debug|Any CPU
		{018A178C-A7EC-44E8-AA75-A393C9D2F5C1}.Debug|x64.Build.0 = Debug|Any CPU
		{018A178C-A7EC-44E8-AA75-A393C9D2F5C1}.Debug|x86.ActiveCfg = Debug|Any CPU
		{018A178C-A7EC-44E8-AA75-A393C9D2F5C1}.Debug|x86.Build.0 = Debug|Any CPU
		{018A178C-A7EC-44E8-AA75-A393C9D2F5C1}.Release|Any CPU.ActiveCfg = Release|Any CPU
		{018A178C-A7EC-44E8-AA75-A393C9D2F5C1}.Release|Any CPU.Build.0 = Release|Any CPU
		{018A178C-A7EC-44E8-AA75-A393C9D2F5C1}.Release|x64.ActiveCfg = Release|Any CPU
		{018A178C-A7EC-44E8-AA75-A393C9D2F5C1}.Release|x64.Build.0 = Release|Any CPU
		{018A178C-A7EC-44E8-AA75-A393C9D2F5C1}.Release|x86.ActiveCfg = Release|Any CPU
		{018A178C-A7EC-44E8-AA75-A393C9D2F5C1}.Release|x86.Build.0 = Release|Any CPU
		{1EAAD79D-7C1A-4F11-BEEC-EF2741D1AE63}.Debug|Any CPU.ActiveCfg = Debug|Any CPU
		{1EAAD79D-7C1A-4F11-BEEC-EF2741D1AE63}.Debug|Any CPU.Build.0 = Debug|Any CPU
		{1EAAD79D-7C1A-4F11-BEEC-EF2741D1AE63}.Debug|x64.ActiveCfg = Debug|Any CPU
		{1EAAD79D-7C1A-4F11-BEEC-EF2741D1AE63}.Debug|x64.Build.0 = Debug|Any CPU
		{1EAAD79D-7C1A-4F11-BEEC-EF2741D1AE63}.Debug|x86.ActiveCfg = Debug|Any CPU
		{1EAAD79D-7C1A-4F11-BEEC-EF2741D1AE63}.Debug|x86.Build.0 = Debug|Any CPU
		{1EAAD79D-7C1A-4F11-BEEC-EF2741D1AE63}.Release|Any CPU.ActiveCfg = Release|Any CPU
		{1EAAD79D-7C1A-4F11-BEEC-EF2741D1AE63}.Release|Any CPU.Build.0 = Release|Any CPU
		{1EAAD79D-7C1A-4F11-BEEC-EF2741D1AE63}.Release|x64.ActiveCfg = Release|Any CPU
		{1EAAD79D-7C1A-4F11-BEEC-EF2741D1AE63}.Release|x64.Build.0 = Release|Any CPU
		{1EAAD79D-7C1A-4F11-BEEC-EF2741D1AE63}.Release|x86.ActiveCfg = Release|Any CPU
		{1EAAD79D-7C1A-4F11-BEEC-EF2741D1AE63}.Release|x86.Build.0 = Release|Any CPU
		{D5A2EBC0-2CA3-4F96-947F-6273B05D7D86}.Debug|Any CPU.ActiveCfg = Debug|Any CPU
		{D5A2EBC0-2CA3-4F96-947F-6273B05D7D86}.Debug|Any CPU.Build.0 = Debug|Any CPU
		{D5A2EBC0-2CA3-4F96-947F-6273B05D7D86}.Debug|x64.ActiveCfg = Debug|Any CPU
		{D5A2EBC0-2CA3-4F96-947F-6273B05D7D86}.Debug|x64.Build.0 = Debug|Any CPU
		{D5A2EBC0-2CA3-4F96-947F-6273B05D7D86}.Debug|x86.ActiveCfg = Debug|Any CPU
		{D5A2EBC0-2CA3-4F96-947F-6273B05D7D86}.Debug|x86.Build.0 = Debug|Any CPU
		{D5A2EBC0-2CA3-4F96-947F-6273B05D7D86}.Release|Any CPU.ActiveCfg = Release|Any CPU
		{D5A2EBC0-2CA3-4F96-947F-6273B05D7D86}.Release|Any CPU.Build.0 = Release|Any CPU
		{D5A2EBC0-2CA3-4F96-947F-6273B05D7D86}.Release|x64.ActiveCfg = Release|Any CPU
		{D5A2EBC0-2CA3-4F96-947F-6273B05D7D86}.Release|x64.Build.0 = Release|Any CPU
		{D5A2EBC0-2CA3-4F96-947F-6273B05D7D86}.Release|x86.ActiveCfg = Release|Any CPU
		{D5A2EBC0-2CA3-4F96-947F-6273B05D7D86}.Release|x86.Build.0 = Release|Any CPU
		{87DDB664-B34C-48F4-A067-921A8A061744}.Debug|Any CPU.ActiveCfg = Debug|Any CPU
		{87DDB664-B34C-48F4-A067-921A8A061744}.Debug|Any CPU.Build.0 = Debug|Any CPU
		{87DDB664-B34C-48F4-A067-921A8A061744}.Debug|x64.ActiveCfg = Debug|Any CPU
		{87DDB664-B34C-48F4-A067-921A8A061744}.Debug|x64.Build.0 = Debug|Any CPU
		{87DDB664-B34C-48F4-A067-921A8A061744}.Debug|x86.ActiveCfg = Debug|Any CPU
		{87DDB664-B34C-48F4-A067-921A8A061744}.Debug|x86.Build.0 = Debug|Any CPU
		{87DDB664-B34C-48F4-A067-921A8A061744}.Release|Any CPU.ActiveCfg = Release|Any CPU
		{87DDB664-B34C-48F4-A067-921A8A061744}.Release|Any CPU.Build.0 = Release|Any CPU
		{87DDB664-B34C-48F4-A067-921A8A061744}.Release|x64.ActiveCfg = Release|Any CPU
		{87DDB664-B34C-48F4-A067-921A8A061744}.Release|x64.Build.0 = Release|Any CPU
		{87DDB664-B34C-48F4-A067-921A8A061744}.Release|x86.ActiveCfg = Release|Any CPU
		{87DDB664-B34C-48F4-A067-921A8A061744}.Release|x86.Build.0 = Release|Any CPU
		{9C8F1258-2D1A-42C9-8CB0-F8E4D61FFA3A}.Debug|Any CPU.ActiveCfg = Debug|Any CPU
		{9C8F1258-2D1A-42C9-8CB0-F8E4D61FFA3A}.Debug|Any CPU.Build.0 = Debug|Any CPU
		{9C8F1258-2D1A-42C9-8CB0-F8E4D61FFA3A}.Debug|x64.ActiveCfg = Debug|Any CPU
		{9C8F1258-2D1A-42C9-8CB0-F8E4D61FFA3A}.Debug|x64.Build.0 = Debug|Any CPU
		{9C8F1258-2D1A-42C9-8CB0-F8E4D61FFA3A}.Debug|x86.ActiveCfg = Debug|Any CPU
		{9C8F1258-2D1A-42C9-8CB0-F8E4D61FFA3A}.Debug|x86.Build.0 = Debug|Any CPU
		{9C8F1258-2D1A-42C9-8CB0-F8E4D61FFA3A}.Release|Any CPU.ActiveCfg = Release|Any CPU
		{9C8F1258-2D1A-42C9-8CB0-F8E4D61FFA3A}.Release|Any CPU.Build.0 = Release|Any CPU
		{9C8F1258-2D1A-42C9-8CB0-F8E4D61FFA3A}.Release|x64.ActiveCfg = Release|Any CPU
		{9C8F1258-2D1A-42C9-8CB0-F8E4D61FFA3A}.Release|x64.Build.0 = Release|Any CPU
		{9C8F1258-2D1A-42C9-8CB0-F8E4D61FFA3A}.Release|x86.ActiveCfg = Release|Any CPU
		{9C8F1258-2D1A-42C9-8CB0-F8E4D61FFA3A}.Release|x86.Build.0 = Release|Any CPU
		{F8AD79BE-96C4-4CAD-92F8-A9E626272B6A}.Debug|Any CPU.ActiveCfg = Debug|Any CPU
		{F8AD79BE-96C4-4CAD-92F8-A9E626272B6A}.Debug|Any CPU.Build.0 = Debug|Any CPU
		{F8AD79BE-96C4-4CAD-92F8-A9E626272B6A}.Debug|x64.ActiveCfg = Debug|Any CPU
		{F8AD79BE-96C4-4CAD-92F8-A9E626272B6A}.Debug|x64.Build.0 = Debug|Any CPU
		{F8AD79BE-96C4-4CAD-92F8-A9E626272B6A}.Debug|x86.ActiveCfg = Debug|Any CPU
		{F8AD79BE-96C4-4CAD-92F8-A9E626272B6A}.Debug|x86.Build.0 = Debug|Any CPU
		{F8AD79BE-96C4-4CAD-92F8-A9E626272B6A}.Release|Any CPU.ActiveCfg = Release|Any CPU
		{F8AD79BE-96C4-4CAD-92F8-A9E626272B6A}.Release|Any CPU.Build.0 = Release|Any CPU
		{F8AD79BE-96C4-4CAD-92F8-A9E626272B6A}.Release|x64.ActiveCfg = Release|Any CPU
		{F8AD79BE-96C4-4CAD-92F8-A9E626272B6A}.Release|x64.Build.0 = Release|Any CPU
		{F8AD79BE-96C4-4CAD-92F8-A9E626272B6A}.Release|x86.ActiveCfg = Release|Any CPU
		{F8AD79BE-96C4-4CAD-92F8-A9E626272B6A}.Release|x86.Build.0 = Release|Any CPU
		{C3EC1A74-0E2A-4CE2-9F5C-A819BF4971A0}.Debug|Any CPU.ActiveCfg = Debug|Any CPU
		{C3EC1A74-0E2A-4CE2-9F5C-A819BF4971A0}.Debug|Any CPU.Build.0 = Debug|Any CPU
		{C3EC1A74-0E2A-4CE2-9F5C-A819BF4971A0}.Debug|x64.ActiveCfg = Debug|Any CPU
		{C3EC1A74-0E2A-4CE2-9F5C-A819BF4971A0}.Debug|x64.Build.0 = Debug|Any CPU
		{C3EC1A74-0E2A-4CE2-9F5C-A819BF4971A0}.Debug|x86.ActiveCfg = Debug|Any CPU
		{C3EC1A74-0E2A-4CE2-9F5C-A819BF4971A0}.Debug|x86.Build.0 = Debug|Any CPU
		{C3EC1A74-0E2A-4CE2-9F5C-A819BF4971A0}.Release|Any CPU.ActiveCfg = Release|Any CPU
		{C3EC1A74-0E2A-4CE2-9F5C-A819BF4971A0}.Release|Any CPU.Build.0 = Release|Any CPU
		{C3EC1A74-0E2A-4CE2-9F5C-A819BF4971A0}.Release|x64.ActiveCfg = Release|Any CPU
		{C3EC1A74-0E2A-4CE2-9F5C-A819BF4971A0}.Release|x64.Build.0 = Release|Any CPU
		{C3EC1A74-0E2A-4CE2-9F5C-A819BF4971A0}.Release|x86.ActiveCfg = Release|Any CPU
		{C3EC1A74-0E2A-4CE2-9F5C-A819BF4971A0}.Release|x86.Build.0 = Release|Any CPU
		{6A9A8A9F-9196-4597-9835-499101BC6A82}.Debug|Any CPU.ActiveCfg = Debug|Any CPU
		{6A9A8A9F-9196-4597-9835-499101BC6A82}.Debug|Any CPU.Build.0 = Debug|Any CPU
		{6A9A8A9F-9196-4597-9835-499101BC6A82}.Debug|x64.ActiveCfg = Debug|Any CPU
		{6A9A8A9F-9196-4597-9835-499101BC6A82}.Debug|x64.Build.0 = Debug|Any CPU
		{6A9A8A9F-9196-4597-9835-499101BC6A82}.Debug|x86.ActiveCfg = Debug|Any CPU
		{6A9A8A9F-9196-4597-9835-499101BC6A82}.Debug|x86.Build.0 = Debug|Any CPU
		{6A9A8A9F-9196-4597-9835-499101BC6A82}.Release|Any CPU.ActiveCfg = Release|Any CPU
		{6A9A8A9F-9196-4597-9835-499101BC6A82}.Release|Any CPU.Build.0 = Release|Any CPU
		{6A9A8A9F-9196-4597-9835-499101BC6A82}.Release|x64.ActiveCfg = Release|Any CPU
		{6A9A8A9F-9196-4597-9835-499101BC6A82}.Release|x64.Build.0 = Release|Any CPU
		{6A9A8A9F-9196-4597-9835-499101BC6A82}.Release|x86.ActiveCfg = Release|Any CPU
		{6A9A8A9F-9196-4597-9835-499101BC6A82}.Release|x86.Build.0 = Release|Any CPU
		{66EA4200-D1AC-42A3-9956-DF1E0EC06EFB}.Debug|Any CPU.ActiveCfg = Debug|Any CPU
		{66EA4200-D1AC-42A3-9956-DF1E0EC06EFB}.Debug|Any CPU.Build.0 = Debug|Any CPU
		{66EA4200-D1AC-42A3-9956-DF1E0EC06EFB}.Debug|x64.ActiveCfg = Debug|Any CPU
		{66EA4200-D1AC-42A3-9956-DF1E0EC06EFB}.Debug|x64.Build.0 = Debug|Any CPU
		{66EA4200-D1AC-42A3-9956-DF1E0EC06EFB}.Debug|x86.ActiveCfg = Debug|Any CPU
		{66EA4200-D1AC-42A3-9956-DF1E0EC06EFB}.Debug|x86.Build.0 = Debug|Any CPU
		{66EA4200-D1AC-42A3-9956-DF1E0EC06EFB}.Release|Any CPU.ActiveCfg = Release|Any CPU
		{66EA4200-D1AC-42A3-9956-DF1E0EC06EFB}.Release|Any CPU.Build.0 = Release|Any CPU
		{66EA4200-D1AC-42A3-9956-DF1E0EC06EFB}.Release|x64.ActiveCfg = Release|Any CPU
		{66EA4200-D1AC-42A3-9956-DF1E0EC06EFB}.Release|x64.Build.0 = Release|Any CPU
		{66EA4200-D1AC-42A3-9956-DF1E0EC06EFB}.Release|x86.ActiveCfg = Release|Any CPU
		{66EA4200-D1AC-42A3-9956-DF1E0EC06EFB}.Release|x86.Build.0 = Release|Any CPU
		{56248E21-A4E8-49A2-957D-6490E856EADD}.Debug|Any CPU.ActiveCfg = Debug|Any CPU
		{56248E21-A4E8-49A2-957D-6490E856EADD}.Debug|Any CPU.Build.0 = Debug|Any CPU
		{56248E21-A4E8-49A2-957D-6490E856EADD}.Debug|x64.ActiveCfg = Debug|Any CPU
		{56248E21-A4E8-49A2-957D-6490E856EADD}.Debug|x64.Build.0 = Debug|Any CPU
		{56248E21-A4E8-49A2-957D-6490E856EADD}.Debug|x86.ActiveCfg = Debug|Any CPU
		{56248E21-A4E8-49A2-957D-6490E856EADD}.Debug|x86.Build.0 = Debug|Any CPU
		{56248E21-A4E8-49A2-957D-6490E856EADD}.Release|Any CPU.ActiveCfg = Release|Any CPU
		{56248E21-A4E8-49A2-957D-6490E856EADD}.Release|Any CPU.Build.0 = Release|Any CPU
		{56248E21-A4E8-49A2-957D-6490E856EADD}.Release|x64.ActiveCfg = Release|Any CPU
		{56248E21-A4E8-49A2-957D-6490E856EADD}.Release|x64.Build.0 = Release|Any CPU
		{56248E21-A4E8-49A2-957D-6490E856EADD}.Release|x86.ActiveCfg = Release|Any CPU
		{56248E21-A4E8-49A2-957D-6490E856EADD}.Release|x86.Build.0 = Release|Any CPU
		{D404F955-1D88-4DDB-A4FF-DB9173C801F3}.Debug|Any CPU.ActiveCfg = Debug|Any CPU
		{D404F955-1D88-4DDB-A4FF-DB9173C801F3}.Debug|Any CPU.Build.0 = Debug|Any CPU
		{D404F955-1D88-4DDB-A4FF-DB9173C801F3}.Debug|x64.ActiveCfg = Debug|Any CPU
		{D404F955-1D88-4DDB-A4FF-DB9173C801F3}.Debug|x64.Build.0 = Debug|Any CPU
		{D404F955-1D88-4DDB-A4FF-DB9173C801F3}.Debug|x86.ActiveCfg = Debug|Any CPU
		{D404F955-1D88-4DDB-A4FF-DB9173C801F3}.Debug|x86.Build.0 = Debug|Any CPU
		{D404F955-1D88-4DDB-A4FF-DB9173C801F3}.Release|Any CPU.ActiveCfg = Release|Any CPU
		{D404F955-1D88-4DDB-A4FF-DB9173C801F3}.Release|Any CPU.Build.0 = Release|Any CPU
		{D404F955-1D88-4DDB-A4FF-DB9173C801F3}.Release|x64.ActiveCfg = Release|Any CPU
		{D404F955-1D88-4DDB-A4FF-DB9173C801F3}.Release|x64.Build.0 = Release|Any CPU
		{D404F955-1D88-4DDB-A4FF-DB9173C801F3}.Release|x86.ActiveCfg = Release|Any CPU
		{D404F955-1D88-4DDB-A4FF-DB9173C801F3}.Release|x86.Build.0 = Release|Any CPU
		{C8464479-536A-4745-AC36-46C1B8BAD53D}.Debug|Any CPU.ActiveCfg = Debug|Any CPU
		{C8464479-536A-4745-AC36-46C1B8BAD53D}.Debug|Any CPU.Build.0 = Debug|Any CPU
		{C8464479-536A-4745-AC36-46C1B8BAD53D}.Debug|x64.ActiveCfg = Debug|Any CPU
		{C8464479-536A-4745-AC36-46C1B8BAD53D}.Debug|x64.Build.0 = Debug|Any CPU
		{C8464479-536A-4745-AC36-46C1B8BAD53D}.Debug|x86.ActiveCfg = Debug|Any CPU
		{C8464479-536A-4745-AC36-46C1B8BAD53D}.Debug|x86.Build.0 = Debug|Any CPU
		{C8464479-536A-4745-AC36-46C1B8BAD53D}.Release|Any CPU.ActiveCfg = Release|Any CPU
		{C8464479-536A-4745-AC36-46C1B8BAD53D}.Release|Any CPU.Build.0 = Release|Any CPU
		{C8464479-536A-4745-AC36-46C1B8BAD53D}.Release|x64.ActiveCfg = Release|Any CPU
		{C8464479-536A-4745-AC36-46C1B8BAD53D}.Release|x64.Build.0 = Release|Any CPU
		{C8464479-536A-4745-AC36-46C1B8BAD53D}.Release|x86.ActiveCfg = Release|Any CPU
		{C8464479-536A-4745-AC36-46C1B8BAD53D}.Release|x86.Build.0 = Release|Any CPU
		{AE996C33-BE23-470D-91A9-B63A2647E9B0}.Debug|Any CPU.ActiveCfg = Debug|Any CPU
		{AE996C33-BE23-470D-91A9-B63A2647E9B0}.Debug|Any CPU.Build.0 = Debug|Any CPU
		{AE996C33-BE23-470D-91A9-B63A2647E9B0}.Debug|x64.ActiveCfg = Debug|Any CPU
		{AE996C33-BE23-470D-91A9-B63A2647E9B0}.Debug|x64.Build.0 = Debug|Any CPU
		{AE996C33-BE23-470D-91A9-B63A2647E9B0}.Debug|x86.ActiveCfg = Debug|Any CPU
		{AE996C33-BE23-470D-91A9-B63A2647E9B0}.Debug|x86.Build.0 = Debug|Any CPU
		{AE996C33-BE23-470D-91A9-B63A2647E9B0}.Release|Any CPU.ActiveCfg = Release|Any CPU
		{AE996C33-BE23-470D-91A9-B63A2647E9B0}.Release|Any CPU.Build.0 = Release|Any CPU
		{AE996C33-BE23-470D-91A9-B63A2647E9B0}.Release|x64.ActiveCfg = Release|Any CPU
		{AE996C33-BE23-470D-91A9-B63A2647E9B0}.Release|x64.Build.0 = Release|Any CPU
		{AE996C33-BE23-470D-91A9-B63A2647E9B0}.Release|x86.ActiveCfg = Release|Any CPU
		{AE996C33-BE23-470D-91A9-B63A2647E9B0}.Release|x86.Build.0 = Release|Any CPU
		{629D7FD1-38BA-48EA-BF00-071451EAE3B3}.Debug|Any CPU.ActiveCfg = Debug|Any CPU
		{629D7FD1-38BA-48EA-BF00-071451EAE3B3}.Debug|Any CPU.Build.0 = Debug|Any CPU
		{629D7FD1-38BA-48EA-BF00-071451EAE3B3}.Debug|x64.ActiveCfg = Debug|Any CPU
		{629D7FD1-38BA-48EA-BF00-071451EAE3B3}.Debug|x64.Build.0 = Debug|Any CPU
		{629D7FD1-38BA-48EA-BF00-071451EAE3B3}.Debug|x86.ActiveCfg = Debug|Any CPU
		{629D7FD1-38BA-48EA-BF00-071451EAE3B3}.Debug|x86.Build.0 = Debug|Any CPU
		{629D7FD1-38BA-48EA-BF00-071451EAE3B3}.Release|Any CPU.ActiveCfg = Release|Any CPU
		{629D7FD1-38BA-48EA-BF00-071451EAE3B3}.Release|Any CPU.Build.0 = Release|Any CPU
		{629D7FD1-38BA-48EA-BF00-071451EAE3B3}.Release|x64.ActiveCfg = Release|Any CPU
		{629D7FD1-38BA-48EA-BF00-071451EAE3B3}.Release|x64.Build.0 = Release|Any CPU
		{629D7FD1-38BA-48EA-BF00-071451EAE3B3}.Release|x86.ActiveCfg = Release|Any CPU
		{629D7FD1-38BA-48EA-BF00-071451EAE3B3}.Release|x86.Build.0 = Release|Any CPU
		{A650E5F2-16E2-450E-96D0-141B8E83FADB}.Debug|Any CPU.ActiveCfg = Debug|Any CPU
		{A650E5F2-16E2-450E-96D0-141B8E83FADB}.Debug|Any CPU.Build.0 = Debug|Any CPU
		{A650E5F2-16E2-450E-96D0-141B8E83FADB}.Debug|x64.ActiveCfg = Debug|Any CPU
		{A650E5F2-16E2-450E-96D0-141B8E83FADB}.Debug|x64.Build.0 = Debug|Any CPU
		{A650E5F2-16E2-450E-96D0-141B8E83FADB}.Debug|x86.ActiveCfg = Debug|Any CPU
		{A650E5F2-16E2-450E-96D0-141B8E83FADB}.Debug|x86.Build.0 = Debug|Any CPU
		{A650E5F2-16E2-450E-96D0-141B8E83FADB}.Release|Any CPU.ActiveCfg = Release|Any CPU
		{A650E5F2-16E2-450E-96D0-141B8E83FADB}.Release|Any CPU.Build.0 = Release|Any CPU
		{A650E5F2-16E2-450E-96D0-141B8E83FADB}.Release|x64.ActiveCfg = Release|Any CPU
		{A650E5F2-16E2-450E-96D0-141B8E83FADB}.Release|x64.Build.0 = Release|Any CPU
		{A650E5F2-16E2-450E-96D0-141B8E83FADB}.Release|x86.ActiveCfg = Release|Any CPU
		{A650E5F2-16E2-450E-96D0-141B8E83FADB}.Release|x86.Build.0 = Release|Any CPU
		{AED1DF48-C582-4572-8F4B-EB86C822D2F9}.Debug|Any CPU.ActiveCfg = Debug|Any CPU
		{AED1DF48-C582-4572-8F4B-EB86C822D2F9}.Debug|Any CPU.Build.0 = Debug|Any CPU
		{AED1DF48-C582-4572-8F4B-EB86C822D2F9}.Debug|x64.ActiveCfg = Debug|Any CPU
		{AED1DF48-C582-4572-8F4B-EB86C822D2F9}.Debug|x64.Build.0 = Debug|Any CPU
		{AED1DF48-C582-4572-8F4B-EB86C822D2F9}.Debug|x86.ActiveCfg = Debug|Any CPU
		{AED1DF48-C582-4572-8F4B-EB86C822D2F9}.Debug|x86.Build.0 = Debug|Any CPU
		{AED1DF48-C582-4572-8F4B-EB86C822D2F9}.Release|Any CPU.ActiveCfg = Release|Any CPU
		{AED1DF48-C582-4572-8F4B-EB86C822D2F9}.Release|Any CPU.Build.0 = Release|Any CPU
		{AED1DF48-C582-4572-8F4B-EB86C822D2F9}.Release|x64.ActiveCfg = Release|Any CPU
		{AED1DF48-C582-4572-8F4B-EB86C822D2F9}.Release|x64.Build.0 = Release|Any CPU
		{AED1DF48-C582-4572-8F4B-EB86C822D2F9}.Release|x86.ActiveCfg = Release|Any CPU
		{AED1DF48-C582-4572-8F4B-EB86C822D2F9}.Release|x86.Build.0 = Release|Any CPU
		{FE38394A-21F7-499D-8CC4-217B2372E9AA}.Debug|Any CPU.ActiveCfg = Debug|Any CPU
		{FE38394A-21F7-499D-8CC4-217B2372E9AA}.Debug|Any CPU.Build.0 = Debug|Any CPU
		{FE38394A-21F7-499D-8CC4-217B2372E9AA}.Debug|x64.ActiveCfg = Debug|Any CPU
		{FE38394A-21F7-499D-8CC4-217B2372E9AA}.Debug|x64.Build.0 = Debug|Any CPU
		{FE38394A-21F7-499D-8CC4-217B2372E9AA}.Debug|x86.ActiveCfg = Debug|Any CPU
		{FE38394A-21F7-499D-8CC4-217B2372E9AA}.Debug|x86.Build.0 = Debug|Any CPU
		{FE38394A-21F7-499D-8CC4-217B2372E9AA}.Release|Any CPU.ActiveCfg = Release|Any CPU
		{FE38394A-21F7-499D-8CC4-217B2372E9AA}.Release|Any CPU.Build.0 = Release|Any CPU
		{FE38394A-21F7-499D-8CC4-217B2372E9AA}.Release|x64.ActiveCfg = Release|Any CPU
		{FE38394A-21F7-499D-8CC4-217B2372E9AA}.Release|x64.Build.0 = Release|Any CPU
		{FE38394A-21F7-499D-8CC4-217B2372E9AA}.Release|x86.ActiveCfg = Release|Any CPU
		{FE38394A-21F7-499D-8CC4-217B2372E9AA}.Release|x86.Build.0 = Release|Any CPU
		{CEC14B7F-3A33-49DD-A901-4C00B7E4D638}.Debug|Any CPU.ActiveCfg = Debug|Any CPU
		{CEC14B7F-3A33-49DD-A901-4C00B7E4D638}.Debug|Any CPU.Build.0 = Debug|Any CPU
		{CEC14B7F-3A33-49DD-A901-4C00B7E4D638}.Debug|x64.ActiveCfg = Debug|Any CPU
		{CEC14B7F-3A33-49DD-A901-4C00B7E4D638}.Debug|x64.Build.0 = Debug|Any CPU
		{CEC14B7F-3A33-49DD-A901-4C00B7E4D638}.Debug|x86.ActiveCfg = Debug|Any CPU
		{CEC14B7F-3A33-49DD-A901-4C00B7E4D638}.Debug|x86.Build.0 = Debug|Any CPU
		{CEC14B7F-3A33-49DD-A901-4C00B7E4D638}.Release|Any CPU.ActiveCfg = Release|Any CPU
		{CEC14B7F-3A33-49DD-A901-4C00B7E4D638}.Release|Any CPU.Build.0 = Release|Any CPU
		{CEC14B7F-3A33-49DD-A901-4C00B7E4D638}.Release|x64.ActiveCfg = Release|Any CPU
		{CEC14B7F-3A33-49DD-A901-4C00B7E4D638}.Release|x64.Build.0 = Release|Any CPU
		{CEC14B7F-3A33-49DD-A901-4C00B7E4D638}.Release|x86.ActiveCfg = Release|Any CPU
		{CEC14B7F-3A33-49DD-A901-4C00B7E4D638}.Release|x86.Build.0 = Release|Any CPU
		{4818A75E-75FE-4038-AD3F-53CA5AD4017A}.Debug|Any CPU.ActiveCfg = Debug|Any CPU
		{4818A75E-75FE-4038-AD3F-53CA5AD4017A}.Debug|Any CPU.Build.0 = Debug|Any CPU
		{4818A75E-75FE-4038-AD3F-53CA5AD4017A}.Debug|x64.ActiveCfg = Debug|Any CPU
		{4818A75E-75FE-4038-AD3F-53CA5AD4017A}.Debug|x64.Build.0 = Debug|Any CPU
		{4818A75E-75FE-4038-AD3F-53CA5AD4017A}.Debug|x86.ActiveCfg = Debug|Any CPU
		{4818A75E-75FE-4038-AD3F-53CA5AD4017A}.Debug|x86.Build.0 = Debug|Any CPU
		{4818A75E-75FE-4038-AD3F-53CA5AD4017A}.Release|Any CPU.ActiveCfg = Release|Any CPU
		{4818A75E-75FE-4038-AD3F-53CA5AD4017A}.Release|Any CPU.Build.0 = Release|Any CPU
		{4818A75E-75FE-4038-AD3F-53CA5AD4017A}.Release|x64.ActiveCfg = Release|Any CPU
		{4818A75E-75FE-4038-AD3F-53CA5AD4017A}.Release|x64.Build.0 = Release|Any CPU
		{4818A75E-75FE-4038-AD3F-53CA5AD4017A}.Release|x86.ActiveCfg = Release|Any CPU
		{4818A75E-75FE-4038-AD3F-53CA5AD4017A}.Release|x86.Build.0 = Release|Any CPU
		{58AC5536-DA51-48BA-B448-E6370881284B}.Debug|Any CPU.ActiveCfg = Debug|Any CPU
		{58AC5536-DA51-48BA-B448-E6370881284B}.Debug|Any CPU.Build.0 = Debug|Any CPU
		{58AC5536-DA51-48BA-B448-E6370881284B}.Debug|x64.ActiveCfg = Debug|Any CPU
		{58AC5536-DA51-48BA-B448-E6370881284B}.Debug|x64.Build.0 = Debug|Any CPU
		{58AC5536-DA51-48BA-B448-E6370881284B}.Debug|x86.ActiveCfg = Debug|Any CPU
		{58AC5536-DA51-48BA-B448-E6370881284B}.Debug|x86.Build.0 = Debug|Any CPU
		{58AC5536-DA51-48BA-B448-E6370881284B}.Release|Any CPU.ActiveCfg = Release|Any CPU
		{58AC5536-DA51-48BA-B448-E6370881284B}.Release|Any CPU.Build.0 = Release|Any CPU
		{58AC5536-DA51-48BA-B448-E6370881284B}.Release|x64.ActiveCfg = Release|Any CPU
		{58AC5536-DA51-48BA-B448-E6370881284B}.Release|x64.Build.0 = Release|Any CPU
		{58AC5536-DA51-48BA-B448-E6370881284B}.Release|x86.ActiveCfg = Release|Any CPU
		{58AC5536-DA51-48BA-B448-E6370881284B}.Release|x86.Build.0 = Release|Any CPU
		{FD96F62A-ADD9-40A7-9A35-33FD8F97CEFE}.Debug|Any CPU.ActiveCfg = Debug|Any CPU
		{FD96F62A-ADD9-40A7-9A35-33FD8F97CEFE}.Debug|Any CPU.Build.0 = Debug|Any CPU
		{FD96F62A-ADD9-40A7-9A35-33FD8F97CEFE}.Debug|x64.ActiveCfg = Debug|Any CPU
		{FD96F62A-ADD9-40A7-9A35-33FD8F97CEFE}.Debug|x64.Build.0 = Debug|Any CPU
		{FD96F62A-ADD9-40A7-9A35-33FD8F97CEFE}.Debug|x86.ActiveCfg = Debug|Any CPU
		{FD96F62A-ADD9-40A7-9A35-33FD8F97CEFE}.Debug|x86.Build.0 = Debug|Any CPU
		{FD96F62A-ADD9-40A7-9A35-33FD8F97CEFE}.Release|Any CPU.ActiveCfg = Release|Any CPU
		{FD96F62A-ADD9-40A7-9A35-33FD8F97CEFE}.Release|Any CPU.Build.0 = Release|Any CPU
		{FD96F62A-ADD9-40A7-9A35-33FD8F97CEFE}.Release|x64.ActiveCfg = Release|Any CPU
		{FD96F62A-ADD9-40A7-9A35-33FD8F97CEFE}.Release|x64.Build.0 = Release|Any CPU
		{FD96F62A-ADD9-40A7-9A35-33FD8F97CEFE}.Release|x86.ActiveCfg = Release|Any CPU
		{FD96F62A-ADD9-40A7-9A35-33FD8F97CEFE}.Release|x86.Build.0 = Release|Any CPU
		{4E7C6FCE-14C8-400D-925B-8BCF2EB7B838}.Debug|Any CPU.ActiveCfg = Debug|Any CPU
		{4E7C6FCE-14C8-400D-925B-8BCF2EB7B838}.Debug|Any CPU.Build.0 = Debug|Any CPU
		{4E7C6FCE-14C8-400D-925B-8BCF2EB7B838}.Debug|x64.ActiveCfg = Debug|Any CPU
		{4E7C6FCE-14C8-400D-925B-8BCF2EB7B838}.Debug|x64.Build.0 = Debug|Any CPU
		{4E7C6FCE-14C8-400D-925B-8BCF2EB7B838}.Debug|x86.ActiveCfg = Debug|Any CPU
		{4E7C6FCE-14C8-400D-925B-8BCF2EB7B838}.Debug|x86.Build.0 = Debug|Any CPU
		{4E7C6FCE-14C8-400D-925B-8BCF2EB7B838}.Release|Any CPU.ActiveCfg = Release|Any CPU
		{4E7C6FCE-14C8-400D-925B-8BCF2EB7B838}.Release|Any CPU.Build.0 = Release|Any CPU
		{4E7C6FCE-14C8-400D-925B-8BCF2EB7B838}.Release|x64.ActiveCfg = Release|Any CPU
		{4E7C6FCE-14C8-400D-925B-8BCF2EB7B838}.Release|x64.Build.0 = Release|Any CPU
		{4E7C6FCE-14C8-400D-925B-8BCF2EB7B838}.Release|x86.ActiveCfg = Release|Any CPU
		{4E7C6FCE-14C8-400D-925B-8BCF2EB7B838}.Release|x86.Build.0 = Release|Any CPU
		{C3127DC0-B8C3-44C6-92F0-0482F3BFE67E}.Debug|Any CPU.ActiveCfg = Debug|Any CPU
		{C3127DC0-B8C3-44C6-92F0-0482F3BFE67E}.Debug|Any CPU.Build.0 = Debug|Any CPU
		{C3127DC0-B8C3-44C6-92F0-0482F3BFE67E}.Debug|x64.ActiveCfg = Debug|Any CPU
		{C3127DC0-B8C3-44C6-92F0-0482F3BFE67E}.Debug|x64.Build.0 = Debug|Any CPU
		{C3127DC0-B8C3-44C6-92F0-0482F3BFE67E}.Debug|x86.ActiveCfg = Debug|Any CPU
		{C3127DC0-B8C3-44C6-92F0-0482F3BFE67E}.Debug|x86.Build.0 = Debug|Any CPU
		{C3127DC0-B8C3-44C6-92F0-0482F3BFE67E}.Release|Any CPU.ActiveCfg = Release|Any CPU
		{C3127DC0-B8C3-44C6-92F0-0482F3BFE67E}.Release|Any CPU.Build.0 = Release|Any CPU
		{C3127DC0-B8C3-44C6-92F0-0482F3BFE67E}.Release|x64.ActiveCfg = Release|Any CPU
		{C3127DC0-B8C3-44C6-92F0-0482F3BFE67E}.Release|x64.Build.0 = Release|Any CPU
		{C3127DC0-B8C3-44C6-92F0-0482F3BFE67E}.Release|x86.ActiveCfg = Release|Any CPU
		{C3127DC0-B8C3-44C6-92F0-0482F3BFE67E}.Release|x86.Build.0 = Release|Any CPU
		{F4CA1AD2-41DF-4079-BFFB-C284E9C0A0A9}.Debug|Any CPU.ActiveCfg = Debug|Any CPU
		{F4CA1AD2-41DF-4079-BFFB-C284E9C0A0A9}.Debug|Any CPU.Build.0 = Debug|Any CPU
		{F4CA1AD2-41DF-4079-BFFB-C284E9C0A0A9}.Debug|x64.ActiveCfg = Debug|Any CPU
		{F4CA1AD2-41DF-4079-BFFB-C284E9C0A0A9}.Debug|x64.Build.0 = Debug|Any CPU
		{F4CA1AD2-41DF-4079-BFFB-C284E9C0A0A9}.Debug|x86.ActiveCfg = Debug|Any CPU
		{F4CA1AD2-41DF-4079-BFFB-C284E9C0A0A9}.Debug|x86.Build.0 = Debug|Any CPU
		{F4CA1AD2-41DF-4079-BFFB-C284E9C0A0A9}.Release|Any CPU.ActiveCfg = Release|Any CPU
		{F4CA1AD2-41DF-4079-BFFB-C284E9C0A0A9}.Release|Any CPU.Build.0 = Release|Any CPU
		{F4CA1AD2-41DF-4079-BFFB-C284E9C0A0A9}.Release|x64.ActiveCfg = Release|Any CPU
		{F4CA1AD2-41DF-4079-BFFB-C284E9C0A0A9}.Release|x64.Build.0 = Release|Any CPU
		{F4CA1AD2-41DF-4079-BFFB-C284E9C0A0A9}.Release|x86.ActiveCfg = Release|Any CPU
		{F4CA1AD2-41DF-4079-BFFB-C284E9C0A0A9}.Release|x86.Build.0 = Release|Any CPU
		{8BC7AFEB-8B78-4FDF-9555-BD334C522475}.Debug|Any CPU.ActiveCfg = Debug|Any CPU
		{8BC7AFEB-8B78-4FDF-9555-BD334C522475}.Debug|Any CPU.Build.0 = Debug|Any CPU
		{8BC7AFEB-8B78-4FDF-9555-BD334C522475}.Debug|x64.ActiveCfg = Debug|Any CPU
		{8BC7AFEB-8B78-4FDF-9555-BD334C522475}.Debug|x64.Build.0 = Debug|Any CPU
		{8BC7AFEB-8B78-4FDF-9555-BD334C522475}.Debug|x86.ActiveCfg = Debug|Any CPU
		{8BC7AFEB-8B78-4FDF-9555-BD334C522475}.Debug|x86.Build.0 = Debug|Any CPU
		{8BC7AFEB-8B78-4FDF-9555-BD334C522475}.Release|Any CPU.ActiveCfg = Release|Any CPU
		{8BC7AFEB-8B78-4FDF-9555-BD334C522475}.Release|Any CPU.Build.0 = Release|Any CPU
		{8BC7AFEB-8B78-4FDF-9555-BD334C522475}.Release|x64.ActiveCfg = Release|Any CPU
		{8BC7AFEB-8B78-4FDF-9555-BD334C522475}.Release|x64.Build.0 = Release|Any CPU
		{8BC7AFEB-8B78-4FDF-9555-BD334C522475}.Release|x86.ActiveCfg = Release|Any CPU
		{8BC7AFEB-8B78-4FDF-9555-BD334C522475}.Release|x86.Build.0 = Release|Any CPU
		{2F1D39CF-A90D-40F0-BD01-FC26F468F34D}.Debug|Any CPU.ActiveCfg = Debug|Any CPU
		{2F1D39CF-A90D-40F0-BD01-FC26F468F34D}.Debug|Any CPU.Build.0 = Debug|Any CPU
		{2F1D39CF-A90D-40F0-BD01-FC26F468F34D}.Debug|x64.ActiveCfg = Debug|Any CPU
		{2F1D39CF-A90D-40F0-BD01-FC26F468F34D}.Debug|x64.Build.0 = Debug|Any CPU
		{2F1D39CF-A90D-40F0-BD01-FC26F468F34D}.Debug|x86.ActiveCfg = Debug|Any CPU
		{2F1D39CF-A90D-40F0-BD01-FC26F468F34D}.Debug|x86.Build.0 = Debug|Any CPU
		{2F1D39CF-A90D-40F0-BD01-FC26F468F34D}.Release|Any CPU.ActiveCfg = Release|Any CPU
		{2F1D39CF-A90D-40F0-BD01-FC26F468F34D}.Release|Any CPU.Build.0 = Release|Any CPU
		{2F1D39CF-A90D-40F0-BD01-FC26F468F34D}.Release|x64.ActiveCfg = Release|Any CPU
		{2F1D39CF-A90D-40F0-BD01-FC26F468F34D}.Release|x64.Build.0 = Release|Any CPU
		{2F1D39CF-A90D-40F0-BD01-FC26F468F34D}.Release|x86.ActiveCfg = Release|Any CPU
		{2F1D39CF-A90D-40F0-BD01-FC26F468F34D}.Release|x86.Build.0 = Release|Any CPU
		{BAE823BE-5E36-4FED-99C1-BE4187528E94}.Debug|Any CPU.ActiveCfg = Debug|Any CPU
		{BAE823BE-5E36-4FED-99C1-BE4187528E94}.Debug|Any CPU.Build.0 = Debug|Any CPU
		{BAE823BE-5E36-4FED-99C1-BE4187528E94}.Debug|x64.ActiveCfg = Debug|Any CPU
		{BAE823BE-5E36-4FED-99C1-BE4187528E94}.Debug|x64.Build.0 = Debug|Any CPU
		{BAE823BE-5E36-4FED-99C1-BE4187528E94}.Debug|x86.ActiveCfg = Debug|Any CPU
		{BAE823BE-5E36-4FED-99C1-BE4187528E94}.Debug|x86.Build.0 = Debug|Any CPU
		{BAE823BE-5E36-4FED-99C1-BE4187528E94}.Release|Any CPU.ActiveCfg = Release|Any CPU
		{BAE823BE-5E36-4FED-99C1-BE4187528E94}.Release|Any CPU.Build.0 = Release|Any CPU
		{BAE823BE-5E36-4FED-99C1-BE4187528E94}.Release|x64.ActiveCfg = Release|Any CPU
		{BAE823BE-5E36-4FED-99C1-BE4187528E94}.Release|x64.Build.0 = Release|Any CPU
		{BAE823BE-5E36-4FED-99C1-BE4187528E94}.Release|x86.ActiveCfg = Release|Any CPU
		{BAE823BE-5E36-4FED-99C1-BE4187528E94}.Release|x86.Build.0 = Release|Any CPU
		{8DA0AE01-BFAC-45B5-AD6E-B3023195E407}.Debug|Any CPU.ActiveCfg = Debug|Any CPU
		{8DA0AE01-BFAC-45B5-AD6E-B3023195E407}.Debug|Any CPU.Build.0 = Debug|Any CPU
		{8DA0AE01-BFAC-45B5-AD6E-B3023195E407}.Debug|x64.ActiveCfg = Debug|Any CPU
		{8DA0AE01-BFAC-45B5-AD6E-B3023195E407}.Debug|x64.Build.0 = Debug|Any CPU
		{8DA0AE01-BFAC-45B5-AD6E-B3023195E407}.Debug|x86.ActiveCfg = Debug|Any CPU
		{8DA0AE01-BFAC-45B5-AD6E-B3023195E407}.Debug|x86.Build.0 = Debug|Any CPU
		{8DA0AE01-BFAC-45B5-AD6E-B3023195E407}.Release|Any CPU.ActiveCfg = Release|Any CPU
		{8DA0AE01-BFAC-45B5-AD6E-B3023195E407}.Release|Any CPU.Build.0 = Release|Any CPU
		{8DA0AE01-BFAC-45B5-AD6E-B3023195E407}.Release|x64.ActiveCfg = Release|Any CPU
		{8DA0AE01-BFAC-45B5-AD6E-B3023195E407}.Release|x64.Build.0 = Release|Any CPU
		{8DA0AE01-BFAC-45B5-AD6E-B3023195E407}.Release|x86.ActiveCfg = Release|Any CPU
		{8DA0AE01-BFAC-45B5-AD6E-B3023195E407}.Release|x86.Build.0 = Release|Any CPU
		{09F83CDE-C1EE-4E48-A8A6-D361A5F04218}.Debug|Any CPU.ActiveCfg = Debug|Any CPU
		{09F83CDE-C1EE-4E48-A8A6-D361A5F04218}.Debug|Any CPU.Build.0 = Debug|Any CPU
		{09F83CDE-C1EE-4E48-A8A6-D361A5F04218}.Debug|x64.ActiveCfg = Debug|Any CPU
		{09F83CDE-C1EE-4E48-A8A6-D361A5F04218}.Debug|x64.Build.0 = Debug|Any CPU
		{09F83CDE-C1EE-4E48-A8A6-D361A5F04218}.Debug|x86.ActiveCfg = Debug|Any CPU
		{09F83CDE-C1EE-4E48-A8A6-D361A5F04218}.Debug|x86.Build.0 = Debug|Any CPU
		{09F83CDE-C1EE-4E48-A8A6-D361A5F04218}.Release|Any CPU.ActiveCfg = Release|Any CPU
		{09F83CDE-C1EE-4E48-A8A6-D361A5F04218}.Release|Any CPU.Build.0 = Release|Any CPU
		{09F83CDE-C1EE-4E48-A8A6-D361A5F04218}.Release|x64.ActiveCfg = Release|Any CPU
		{09F83CDE-C1EE-4E48-A8A6-D361A5F04218}.Release|x64.Build.0 = Release|Any CPU
		{09F83CDE-C1EE-4E48-A8A6-D361A5F04218}.Release|x86.ActiveCfg = Release|Any CPU
		{09F83CDE-C1EE-4E48-A8A6-D361A5F04218}.Release|x86.Build.0 = Release|Any CPU
		{87C8746F-E468-4EC7-88E0-91A7A98540EE}.Debug|Any CPU.ActiveCfg = Debug|Any CPU
		{87C8746F-E468-4EC7-88E0-91A7A98540EE}.Debug|Any CPU.Build.0 = Debug|Any CPU
		{87C8746F-E468-4EC7-88E0-91A7A98540EE}.Debug|x64.ActiveCfg = Debug|Any CPU
		{87C8746F-E468-4EC7-88E0-91A7A98540EE}.Debug|x64.Build.0 = Debug|Any CPU
		{87C8746F-E468-4EC7-88E0-91A7A98540EE}.Debug|x86.ActiveCfg = Debug|Any CPU
		{87C8746F-E468-4EC7-88E0-91A7A98540EE}.Debug|x86.Build.0 = Debug|Any CPU
		{87C8746F-E468-4EC7-88E0-91A7A98540EE}.Release|Any CPU.ActiveCfg = Release|Any CPU
		{87C8746F-E468-4EC7-88E0-91A7A98540EE}.Release|Any CPU.Build.0 = Release|Any CPU
		{87C8746F-E468-4EC7-88E0-91A7A98540EE}.Release|x64.ActiveCfg = Release|Any CPU
		{87C8746F-E468-4EC7-88E0-91A7A98540EE}.Release|x64.Build.0 = Release|Any CPU
		{87C8746F-E468-4EC7-88E0-91A7A98540EE}.Release|x86.ActiveCfg = Release|Any CPU
		{87C8746F-E468-4EC7-88E0-91A7A98540EE}.Release|x86.Build.0 = Release|Any CPU
		{389BFACB-1A06-4291-A3A4-38B8D24AB143}.Debug|Any CPU.ActiveCfg = Debug|Any CPU
		{389BFACB-1A06-4291-A3A4-38B8D24AB143}.Debug|Any CPU.Build.0 = Debug|Any CPU
		{389BFACB-1A06-4291-A3A4-38B8D24AB143}.Debug|x64.ActiveCfg = Debug|Any CPU
		{389BFACB-1A06-4291-A3A4-38B8D24AB143}.Debug|x64.Build.0 = Debug|Any CPU
		{389BFACB-1A06-4291-A3A4-38B8D24AB143}.Debug|x86.ActiveCfg = Debug|Any CPU
		{389BFACB-1A06-4291-A3A4-38B8D24AB143}.Debug|x86.Build.0 = Debug|Any CPU
		{389BFACB-1A06-4291-A3A4-38B8D24AB143}.Release|Any CPU.ActiveCfg = Release|Any CPU
		{389BFACB-1A06-4291-A3A4-38B8D24AB143}.Release|Any CPU.Build.0 = Release|Any CPU
		{389BFACB-1A06-4291-A3A4-38B8D24AB143}.Release|x64.ActiveCfg = Release|Any CPU
		{389BFACB-1A06-4291-A3A4-38B8D24AB143}.Release|x64.Build.0 = Release|Any CPU
		{389BFACB-1A06-4291-A3A4-38B8D24AB143}.Release|x86.ActiveCfg = Release|Any CPU
		{389BFACB-1A06-4291-A3A4-38B8D24AB143}.Release|x86.Build.0 = Release|Any CPU
		{D136C11A-BF61-41B7-89F8-4B0AA9175749}.Debug|Any CPU.ActiveCfg = Debug|Any CPU
		{D136C11A-BF61-41B7-89F8-4B0AA9175749}.Debug|Any CPU.Build.0 = Debug|Any CPU
		{D136C11A-BF61-41B7-89F8-4B0AA9175749}.Debug|x64.ActiveCfg = Debug|Any CPU
		{D136C11A-BF61-41B7-89F8-4B0AA9175749}.Debug|x64.Build.0 = Debug|Any CPU
		{D136C11A-BF61-41B7-89F8-4B0AA9175749}.Debug|x86.ActiveCfg = Debug|Any CPU
		{D136C11A-BF61-41B7-89F8-4B0AA9175749}.Debug|x86.Build.0 = Debug|Any CPU
		{D136C11A-BF61-41B7-89F8-4B0AA9175749}.Release|Any CPU.ActiveCfg = Release|Any CPU
		{D136C11A-BF61-41B7-89F8-4B0AA9175749}.Release|Any CPU.Build.0 = Release|Any CPU
		{D136C11A-BF61-41B7-89F8-4B0AA9175749}.Release|x64.ActiveCfg = Release|Any CPU
		{D136C11A-BF61-41B7-89F8-4B0AA9175749}.Release|x64.Build.0 = Release|Any CPU
		{D136C11A-BF61-41B7-89F8-4B0AA9175749}.Release|x86.ActiveCfg = Release|Any CPU
		{D136C11A-BF61-41B7-89F8-4B0AA9175749}.Release|x86.Build.0 = Release|Any CPU
		{147A4A5D-DC06-4985-B098-BA90D48CBEC1}.Debug|Any CPU.ActiveCfg = Debug|Any CPU
		{147A4A5D-DC06-4985-B098-BA90D48CBEC1}.Debug|Any CPU.Build.0 = Debug|Any CPU
		{147A4A5D-DC06-4985-B098-BA90D48CBEC1}.Debug|x64.ActiveCfg = Debug|Any CPU
		{147A4A5D-DC06-4985-B098-BA90D48CBEC1}.Debug|x64.Build.0 = Debug|Any CPU
		{147A4A5D-DC06-4985-B098-BA90D48CBEC1}.Debug|x86.ActiveCfg = Debug|Any CPU
		{147A4A5D-DC06-4985-B098-BA90D48CBEC1}.Debug|x86.Build.0 = Debug|Any CPU
		{147A4A5D-DC06-4985-B098-BA90D48CBEC1}.Release|Any CPU.ActiveCfg = Release|Any CPU
		{147A4A5D-DC06-4985-B098-BA90D48CBEC1}.Release|Any CPU.Build.0 = Release|Any CPU
		{147A4A5D-DC06-4985-B098-BA90D48CBEC1}.Release|x64.ActiveCfg = Release|Any CPU
		{147A4A5D-DC06-4985-B098-BA90D48CBEC1}.Release|x64.Build.0 = Release|Any CPU
		{147A4A5D-DC06-4985-B098-BA90D48CBEC1}.Release|x86.ActiveCfg = Release|Any CPU
		{147A4A5D-DC06-4985-B098-BA90D48CBEC1}.Release|x86.Build.0 = Release|Any CPU
		{19897A3B-3BE4-4183-BACB-AEC16B97EE53}.Debug|Any CPU.ActiveCfg = Debug|Any CPU
		{19897A3B-3BE4-4183-BACB-AEC16B97EE53}.Debug|Any CPU.Build.0 = Debug|Any CPU
		{19897A3B-3BE4-4183-BACB-AEC16B97EE53}.Debug|x64.ActiveCfg = Debug|Any CPU
		{19897A3B-3BE4-4183-BACB-AEC16B97EE53}.Debug|x64.Build.0 = Debug|Any CPU
		{19897A3B-3BE4-4183-BACB-AEC16B97EE53}.Debug|x86.ActiveCfg = Debug|Any CPU
		{19897A3B-3BE4-4183-BACB-AEC16B97EE53}.Debug|x86.Build.0 = Debug|Any CPU
		{19897A3B-3BE4-4183-BACB-AEC16B97EE53}.Release|Any CPU.ActiveCfg = Release|Any CPU
		{19897A3B-3BE4-4183-BACB-AEC16B97EE53}.Release|Any CPU.Build.0 = Release|Any CPU
		{19897A3B-3BE4-4183-BACB-AEC16B97EE53}.Release|x64.ActiveCfg = Release|Any CPU
		{19897A3B-3BE4-4183-BACB-AEC16B97EE53}.Release|x64.Build.0 = Release|Any CPU
		{19897A3B-3BE4-4183-BACB-AEC16B97EE53}.Release|x86.ActiveCfg = Release|Any CPU
		{19897A3B-3BE4-4183-BACB-AEC16B97EE53}.Release|x86.Build.0 = Release|Any CPU
		{D61BF583-AC01-418D-AE26-439B6D526192}.Debug|Any CPU.ActiveCfg = Debug|Any CPU
		{D61BF583-AC01-418D-AE26-439B6D526192}.Debug|Any CPU.Build.0 = Debug|Any CPU
		{D61BF583-AC01-418D-AE26-439B6D526192}.Debug|x64.ActiveCfg = Debug|Any CPU
		{D61BF583-AC01-418D-AE26-439B6D526192}.Debug|x64.Build.0 = Debug|Any CPU
		{D61BF583-AC01-418D-AE26-439B6D526192}.Debug|x86.ActiveCfg = Debug|Any CPU
		{D61BF583-AC01-418D-AE26-439B6D526192}.Debug|x86.Build.0 = Debug|Any CPU
		{D61BF583-AC01-418D-AE26-439B6D526192}.Release|Any CPU.ActiveCfg = Release|Any CPU
		{D61BF583-AC01-418D-AE26-439B6D526192}.Release|Any CPU.Build.0 = Release|Any CPU
		{D61BF583-AC01-418D-AE26-439B6D526192}.Release|x64.ActiveCfg = Release|Any CPU
		{D61BF583-AC01-418D-AE26-439B6D526192}.Release|x64.Build.0 = Release|Any CPU
		{D61BF583-AC01-418D-AE26-439B6D526192}.Release|x86.ActiveCfg = Release|Any CPU
		{D61BF583-AC01-418D-AE26-439B6D526192}.Release|x86.Build.0 = Release|Any CPU
		{C9D96B18-77AB-413A-AC6D-22F2D8B15BF2}.Debug|Any CPU.ActiveCfg = Debug|Any CPU
		{C9D96B18-77AB-413A-AC6D-22F2D8B15BF2}.Debug|Any CPU.Build.0 = Debug|Any CPU
		{C9D96B18-77AB-413A-AC6D-22F2D8B15BF2}.Debug|x64.ActiveCfg = Debug|Any CPU
		{C9D96B18-77AB-413A-AC6D-22F2D8B15BF2}.Debug|x64.Build.0 = Debug|Any CPU
		{C9D96B18-77AB-413A-AC6D-22F2D8B15BF2}.Debug|x86.ActiveCfg = Debug|Any CPU
		{C9D96B18-77AB-413A-AC6D-22F2D8B15BF2}.Debug|x86.Build.0 = Debug|Any CPU
		{C9D96B18-77AB-413A-AC6D-22F2D8B15BF2}.Release|Any CPU.ActiveCfg = Release|Any CPU
		{C9D96B18-77AB-413A-AC6D-22F2D8B15BF2}.Release|Any CPU.Build.0 = Release|Any CPU
		{C9D96B18-77AB-413A-AC6D-22F2D8B15BF2}.Release|x64.ActiveCfg = Release|Any CPU
		{C9D96B18-77AB-413A-AC6D-22F2D8B15BF2}.Release|x64.Build.0 = Release|Any CPU
		{C9D96B18-77AB-413A-AC6D-22F2D8B15BF2}.Release|x86.ActiveCfg = Release|Any CPU
		{C9D96B18-77AB-413A-AC6D-22F2D8B15BF2}.Release|x86.Build.0 = Release|Any CPU
		{E910A9EF-E506-4F27-A255-6BA993417C95}.Debug|Any CPU.ActiveCfg = Debug|Any CPU
		{E910A9EF-E506-4F27-A255-6BA993417C95}.Debug|Any CPU.Build.0 = Debug|Any CPU
		{E910A9EF-E506-4F27-A255-6BA993417C95}.Debug|x64.ActiveCfg = Debug|Any CPU
		{E910A9EF-E506-4F27-A255-6BA993417C95}.Debug|x64.Build.0 = Debug|Any CPU
		{E910A9EF-E506-4F27-A255-6BA993417C95}.Debug|x86.ActiveCfg = Debug|Any CPU
		{E910A9EF-E506-4F27-A255-6BA993417C95}.Debug|x86.Build.0 = Debug|Any CPU
		{E910A9EF-E506-4F27-A255-6BA993417C95}.Release|Any CPU.ActiveCfg = Release|Any CPU
		{E910A9EF-E506-4F27-A255-6BA993417C95}.Release|Any CPU.Build.0 = Release|Any CPU
		{E910A9EF-E506-4F27-A255-6BA993417C95}.Release|x64.ActiveCfg = Release|Any CPU
		{E910A9EF-E506-4F27-A255-6BA993417C95}.Release|x64.Build.0 = Release|Any CPU
		{E910A9EF-E506-4F27-A255-6BA993417C95}.Release|x86.ActiveCfg = Release|Any CPU
		{E910A9EF-E506-4F27-A255-6BA993417C95}.Release|x86.Build.0 = Release|Any CPU
	EndGlobalSection
	GlobalSection(SolutionProperties) = preSolution
		HideSolutionNode = FALSE
	EndGlobalSection
EndGlobal
